// !$*UTF8*$!
{
	archiveVersion = 1;
	classes = {
	};
	objectVersion = 46;
	objects = {

/* Begin PBXBuildFile section */
		89581F5B199B2D330033B5A4 /* KTPTabBarController.m in Sources */ = {isa = PBXBuildFile; fileRef = 89581F5A199B2D330033B5A4 /* KTPTabBarController.m */; };
		89581F6A199B2E230033B5A4 /* KTPViewController.m in Sources */ = {isa = PBXBuildFile; fileRef = 89581F5D199B2E230033B5A4 /* KTPViewController.m */; };
		89581F6F199B2E230033B5A4 /* KTPBlockView.m in Sources */ = {isa = PBXBuildFile; fileRef = 89581F67199B2E230033B5A4 /* KTPBlockView.m */; };
		89581F70199B2E230033B5A4 /* UIColor+KTPColors.m in Sources */ = {isa = PBXBuildFile; fileRef = 89581F69199B2E230033B5A4 /* UIColor+KTPColors.m */; };
		89581F73199B33100033B5A4 /* KTPRequirementsViewController.m in Sources */ = {isa = PBXBuildFile; fileRef = 89581F72199B33100033B5A4 /* KTPRequirementsViewController.m */; };
		89581FB2199C65B90033B5A4 /* KTPRequirementsDataSource.m in Sources */ = {isa = PBXBuildFile; fileRef = 89581FB1199C65B90033B5A4 /* KTPRequirementsDataSource.m */; };
		89855F0A199B2BC2006E5A14 /* Foundation.framework in Frameworks */ = {isa = PBXBuildFile; fileRef = 89855F09199B2BC2006E5A14 /* Foundation.framework */; };
		89855F0C199B2BC2006E5A14 /* CoreGraphics.framework in Frameworks */ = {isa = PBXBuildFile; fileRef = 89855F0B199B2BC2006E5A14 /* CoreGraphics.framework */; };
		89855F0E199B2BC2006E5A14 /* UIKit.framework in Frameworks */ = {isa = PBXBuildFile; fileRef = 89855F0D199B2BC2006E5A14 /* UIKit.framework */; };
		89855F14199B2BC2006E5A14 /* InfoPlist.strings in Resources */ = {isa = PBXBuildFile; fileRef = 89855F12199B2BC2006E5A14 /* InfoPlist.strings */; };
		89855F16199B2BC2006E5A14 /* main.m in Sources */ = {isa = PBXBuildFile; fileRef = 89855F15199B2BC2006E5A14 /* main.m */; };
		89855F1A199B2BC2006E5A14 /* KTPAppDelegate.m in Sources */ = {isa = PBXBuildFile; fileRef = 89855F19199B2BC2006E5A14 /* KTPAppDelegate.m */; };
		89855F1C199B2BC2006E5A14 /* Images.xcassets in Resources */ = {isa = PBXBuildFile; fileRef = 89855F1B199B2BC2006E5A14 /* Images.xcassets */; };
		89855F23199B2BC2006E5A14 /* XCTest.framework in Frameworks */ = {isa = PBXBuildFile; fileRef = 89855F22199B2BC2006E5A14 /* XCTest.framework */; };
		89855F24199B2BC2006E5A14 /* Foundation.framework in Frameworks */ = {isa = PBXBuildFile; fileRef = 89855F09199B2BC2006E5A14 /* Foundation.framework */; };
		89855F25199B2BC2006E5A14 /* UIKit.framework in Frameworks */ = {isa = PBXBuildFile; fileRef = 89855F0D199B2BC2006E5A14 /* UIKit.framework */; };
		89855F2D199B2BC2006E5A14 /* InfoPlist.strings in Resources */ = {isa = PBXBuildFile; fileRef = 89855F2B199B2BC2006E5A14 /* InfoPlist.strings */; };
		89855F2F199B2BC2006E5A14 /* KTPTests.m in Sources */ = {isa = PBXBuildFile; fileRef = 89855F2E199B2BC2006E5A14 /* KTPTests.m */; };
/* End PBXBuildFile section */

/* Begin PBXContainerItemProxy section */
		89855F26199B2BC2006E5A14 /* PBXContainerItemProxy */ = {
			isa = PBXContainerItemProxy;
			containerPortal = 89855EFE199B2BC2006E5A14 /* Project object */;
			proxyType = 1;
			remoteGlobalIDString = 89855F05199B2BC2006E5A14;
			remoteInfo = KTP;
		};
/* End PBXContainerItemProxy section */

/* Begin PBXFileReference section */
		89581F59199B2D330033B5A4 /* KTPTabBarController.h */ = {isa = PBXFileReference; fileEncoding = 4; lastKnownFileType = sourcecode.c.h; path = KTPTabBarController.h; sourceTree = "<group>"; };
		89581F5A199B2D330033B5A4 /* KTPTabBarController.m */ = {isa = PBXFileReference; fileEncoding = 4; lastKnownFileType = sourcecode.c.objc; path = KTPTabBarController.m; sourceTree = "<group>"; };
		89581F5C199B2E230033B5A4 /* KTPViewController.h */ = {isa = PBXFileReference; fileEncoding = 4; lastKnownFileType = sourcecode.c.h; path = KTPViewController.h; sourceTree = "<group>"; };
		89581F5D199B2E230033B5A4 /* KTPViewController.m */ = {isa = PBXFileReference; fileEncoding = 4; lastKnownFileType = sourcecode.c.objc; path = KTPViewController.m; sourceTree = "<group>"; };
		89581F66199B2E230033B5A4 /* KTPBlockView.h */ = {isa = PBXFileReference; fileEncoding = 4; lastKnownFileType = sourcecode.c.h; path = KTPBlockView.h; sourceTree = "<group>"; };
		89581F67199B2E230033B5A4 /* KTPBlockView.m */ = {isa = PBXFileReference; fileEncoding = 4; lastKnownFileType = sourcecode.c.objc; path = KTPBlockView.m; sourceTree = "<group>"; };
		89581F68199B2E230033B5A4 /* UIColor+KTPColors.h */ = {isa = PBXFileReference; fileEncoding = 4; lastKnownFileType = sourcecode.c.h; path = "UIColor+KTPColors.h"; sourceTree = "<group>"; };
		89581F69199B2E230033B5A4 /* UIColor+KTPColors.m */ = {isa = PBXFileReference; fileEncoding = 4; lastKnownFileType = sourcecode.c.objc; path = "UIColor+KTPColors.m"; sourceTree = "<group>"; };
		89581F71199B33100033B5A4 /* KTPRequirementsViewController.h */ = {isa = PBXFileReference; fileEncoding = 4; lastKnownFileType = sourcecode.c.h; path = KTPRequirementsViewController.h; sourceTree = "<group>"; };
		89581F72199B33100033B5A4 /* KTPRequirementsViewController.m */ = {isa = PBXFileReference; fileEncoding = 4; lastKnownFileType = sourcecode.c.objc; path = KTPRequirementsViewController.m; sourceTree = "<group>"; };
		89581FB0199C65B90033B5A4 /* KTPRequirementsDataSource.h */ = {isa = PBXFileReference; fileEncoding = 4; lastKnownFileType = sourcecode.c.h; path = KTPRequirementsDataSource.h; sourceTree = "<group>"; };
		89581FB1199C65B90033B5A4 /* KTPRequirementsDataSource.m */ = {isa = PBXFileReference; fileEncoding = 4; lastKnownFileType = sourcecode.c.objc; path = KTPRequirementsDataSource.m; sourceTree = "<group>"; };
		89855F06199B2BC2006E5A14 /* KTP.app */ = {isa = PBXFileReference; explicitFileType = wrapper.application; includeInIndex = 0; path = KTP.app; sourceTree = BUILT_PRODUCTS_DIR; };
		89855F09199B2BC2006E5A14 /* Foundation.framework */ = {isa = PBXFileReference; lastKnownFileType = wrapper.framework; name = Foundation.framework; path = System/Library/Frameworks/Foundation.framework; sourceTree = SDKROOT; };
		89855F0B199B2BC2006E5A14 /* CoreGraphics.framework */ = {isa = PBXFileReference; lastKnownFileType = wrapper.framework; name = CoreGraphics.framework; path = System/Library/Frameworks/CoreGraphics.framework; sourceTree = SDKROOT; };
		89855F0D199B2BC2006E5A14 /* UIKit.framework */ = {isa = PBXFileReference; lastKnownFileType = wrapper.framework; name = UIKit.framework; path = System/Library/Frameworks/UIKit.framework; sourceTree = SDKROOT; };
		89855F11199B2BC2006E5A14 /* KTP-Info.plist */ = {isa = PBXFileReference; lastKnownFileType = text.plist.xml; path = "KTP-Info.plist"; sourceTree = "<group>"; };
		89855F13199B2BC2006E5A14 /* en */ = {isa = PBXFileReference; lastKnownFileType = text.plist.strings; name = en; path = en.lproj/InfoPlist.strings; sourceTree = "<group>"; };
		89855F15199B2BC2006E5A14 /* main.m */ = {isa = PBXFileReference; lastKnownFileType = sourcecode.c.objc; path = main.m; sourceTree = "<group>"; };
		89855F17199B2BC2006E5A14 /* KTP-Prefix.pch */ = {isa = PBXFileReference; lastKnownFileType = sourcecode.c.h; path = "KTP-Prefix.pch"; sourceTree = "<group>"; };
		89855F18199B2BC2006E5A14 /* KTPAppDelegate.h */ = {isa = PBXFileReference; lastKnownFileType = sourcecode.c.h; path = KTPAppDelegate.h; sourceTree = "<group>"; };
		89855F19199B2BC2006E5A14 /* KTPAppDelegate.m */ = {isa = PBXFileReference; lastKnownFileType = sourcecode.c.objc; path = KTPAppDelegate.m; sourceTree = "<group>"; };
		89855F1B199B2BC2006E5A14 /* Images.xcassets */ = {isa = PBXFileReference; lastKnownFileType = folder.assetcatalog; path = Images.xcassets; sourceTree = "<group>"; };
		89855F21199B2BC2006E5A14 /* KTPTests.xctest */ = {isa = PBXFileReference; explicitFileType = wrapper.cfbundle; includeInIndex = 0; path = KTPTests.xctest; sourceTree = BUILT_PRODUCTS_DIR; };
		89855F22199B2BC2006E5A14 /* XCTest.framework */ = {isa = PBXFileReference; lastKnownFileType = wrapper.framework; name = XCTest.framework; path = Library/Frameworks/XCTest.framework; sourceTree = DEVELOPER_DIR; };
		89855F2A199B2BC2006E5A14 /* KTPTests-Info.plist */ = {isa = PBXFileReference; lastKnownFileType = text.plist.xml; path = "KTPTests-Info.plist"; sourceTree = "<group>"; };
		89855F2C199B2BC2006E5A14 /* en */ = {isa = PBXFileReference; lastKnownFileType = text.plist.strings; name = en; path = en.lproj/InfoPlist.strings; sourceTree = "<group>"; };
		89855F2E199B2BC2006E5A14 /* KTPTests.m */ = {isa = PBXFileReference; lastKnownFileType = sourcecode.c.objc; path = KTPTests.m; sourceTree = "<group>"; };
/* End PBXFileReference section */

/* Begin PBXFrameworksBuildPhase section */
		89855F03199B2BC2006E5A14 /* Frameworks */ = {
			isa = PBXFrameworksBuildPhase;
			buildActionMask = 2147483647;
			files = (
				89855F0C199B2BC2006E5A14 /* CoreGraphics.framework in Frameworks */,
				89855F0E199B2BC2006E5A14 /* UIKit.framework in Frameworks */,
				89855F0A199B2BC2006E5A14 /* Foundation.framework in Frameworks */,
			);
			runOnlyForDeploymentPostprocessing = 0;
		};
		89855F1E199B2BC2006E5A14 /* Frameworks */ = {
			isa = PBXFrameworksBuildPhase;
			buildActionMask = 2147483647;
			files = (
				89855F23199B2BC2006E5A14 /* XCTest.framework in Frameworks */,
				89855F25199B2BC2006E5A14 /* UIKit.framework in Frameworks */,
				89855F24199B2BC2006E5A14 /* Foundation.framework in Frameworks */,
			);
			runOnlyForDeploymentPostprocessing = 0;
		};
/* End PBXFrameworksBuildPhase section */

/* Begin PBXGroup section */
		89581FB6199C6EA20033B5A4 /* Categories */ = {
			isa = PBXGroup;
			children = (
				89581F68199B2E230033B5A4 /* UIColor+KTPColors.h */,
				89581F69199B2E230033B5A4 /* UIColor+KTPColors.m */,
			);
			name = Categories;
			sourceTree = "<group>";
		};
		89581FB7199C6EB10033B5A4 /* Views */ = {
			isa = PBXGroup;
			children = (
				89581F66199B2E230033B5A4 /* KTPBlockView.h */,
				89581F67199B2E230033B5A4 /* KTPBlockView.m */,
			);
			name = Views;
			sourceTree = "<group>";
		};
		89581FB8199C6EB80033B5A4 /* Data */ = {
			isa = PBXGroup;
			children = (
				89581FB0199C65B90033B5A4 /* KTPRequirementsDataSource.h */,
				89581FB1199C65B90033B5A4 /* KTPRequirementsDataSource.m */,
			);
			name = Data;
			sourceTree = "<group>";
		};
		89581FB9199C6EC30033B5A4 /* View Controllers */ = {
			isa = PBXGroup;
			children = (
				89581F59199B2D330033B5A4 /* KTPTabBarController.h */,
				89581F5A199B2D330033B5A4 /* KTPTabBarController.m */,
				89581F5C199B2E230033B5A4 /* KTPViewController.h */,
				89581F5D199B2E230033B5A4 /* KTPViewController.m */,
				89581F71199B33100033B5A4 /* KTPRequirementsViewController.h */,
				89581F72199B33100033B5A4 /* KTPRequirementsViewController.m */,
			);
			name = "View Controllers";
			sourceTree = "<group>";
		};
		89855EFD199B2BC2006E5A14 = {
			isa = PBXGroup;
			children = (
				89855F0F199B2BC2006E5A14 /* KTP */,
				89855F28199B2BC2006E5A14 /* KTPTests */,
				89855F08199B2BC2006E5A14 /* Frameworks */,
				89855F07199B2BC2006E5A14 /* Products */,
			);
			sourceTree = "<group>";
		};
		89855F07199B2BC2006E5A14 /* Products */ = {
			isa = PBXGroup;
			children = (
				89855F06199B2BC2006E5A14 /* KTP.app */,
				89855F21199B2BC2006E5A14 /* KTPTests.xctest */,
			);
			name = Products;
			sourceTree = "<group>";
		};
		89855F08199B2BC2006E5A14 /* Frameworks */ = {
			isa = PBXGroup;
			children = (
				89855F09199B2BC2006E5A14 /* Foundation.framework */,
				89855F0B199B2BC2006E5A14 /* CoreGraphics.framework */,
				89855F0D199B2BC2006E5A14 /* UIKit.framework */,
				89855F22199B2BC2006E5A14 /* XCTest.framework */,
			);
			name = Frameworks;
			sourceTree = "<group>";
		};
		89855F0F199B2BC2006E5A14 /* KTP */ = {
			isa = PBXGroup;
			children = (
				89855F18199B2BC2006E5A14 /* KTPAppDelegate.h */,
				89855F19199B2BC2006E5A14 /* KTPAppDelegate.m */,
				89581FB9199C6EC30033B5A4 /* View Controllers */,
				89581FB8199C6EB80033B5A4 /* Data */,
				89581FB7199C6EB10033B5A4 /* Views */,
				89581FB6199C6EA20033B5A4 /* Categories */,
				89855F1B199B2BC2006E5A14 /* Images.xcassets */,
				89855F10199B2BC2006E5A14 /* Supporting Files */,
			);
			path = KTP;
			sourceTree = "<group>";
		};
		89855F10199B2BC2006E5A14 /* Supporting Files */ = {
			isa = PBXGroup;
			children = (
				89855F11199B2BC2006E5A14 /* KTP-Info.plist */,
				89855F12199B2BC2006E5A14 /* InfoPlist.strings */,
				89855F15199B2BC2006E5A14 /* main.m */,
				89855F17199B2BC2006E5A14 /* KTP-Prefix.pch */,
			);
			name = "Supporting Files";
			sourceTree = "<group>";
		};
		89855F28199B2BC2006E5A14 /* KTPTests */ = {
			isa = PBXGroup;
			children = (
				89855F2E199B2BC2006E5A14 /* KTPTests.m */,
				89855F29199B2BC2006E5A14 /* Supporting Files */,
			);
			path = KTPTests;
			sourceTree = "<group>";
		};
		89855F29199B2BC2006E5A14 /* Supporting Files */ = {
			isa = PBXGroup;
			children = (
				89855F2A199B2BC2006E5A14 /* KTPTests-Info.plist */,
				89855F2B199B2BC2006E5A14 /* InfoPlist.strings */,
			);
			name = "Supporting Files";
			sourceTree = "<group>";
		};
/* End PBXGroup section */

/* Begin PBXNativeTarget section */
		89855F05199B2BC2006E5A14 /* KTP */ = {
			isa = PBXNativeTarget;
			buildConfigurationList = 89855F32199B2BC2006E5A14 /* Build configuration list for PBXNativeTarget "KTP" */;
			buildPhases = (
				89855F02199B2BC2006E5A14 /* Sources */,
				89855F03199B2BC2006E5A14 /* Frameworks */,
				89855F04199B2BC2006E5A14 /* Resources */,
			);
			buildRules = (
			);
			dependencies = (
			);
			name = KTP;
			productName = KTP;
			productReference = 89855F06199B2BC2006E5A14 /* KTP.app */;
			productType = "com.apple.product-type.application";
		};
		89855F20199B2BC2006E5A14 /* KTPTests */ = {
			isa = PBXNativeTarget;
			buildConfigurationList = 89855F35199B2BC2006E5A14 /* Build configuration list for PBXNativeTarget "KTPTests" */;
			buildPhases = (
				89855F1D199B2BC2006E5A14 /* Sources */,
				89855F1E199B2BC2006E5A14 /* Frameworks */,
				89855F1F199B2BC2006E5A14 /* Resources */,
			);
			buildRules = (
			);
			dependencies = (
				89855F27199B2BC2006E5A14 /* PBXTargetDependency */,
			);
			name = KTPTests;
			productName = KTPTests;
			productReference = 89855F21199B2BC2006E5A14 /* KTPTests.xctest */;
			productType = "com.apple.product-type.bundle.unit-test";
		};
/* End PBXNativeTarget section */

/* Begin PBXProject section */
		89855EFE199B2BC2006E5A14 /* Project object */ = {
			isa = PBXProject;
			attributes = {
				CLASSPREFIX = KTP;
				LastUpgradeCheck = 0510;
				ORGANIZATIONNAME = "Kappa Theta Pi";
				TargetAttributes = {
					89855F20199B2BC2006E5A14 = {
						TestTargetID = 89855F05199B2BC2006E5A14;
					};
				};
			};
			buildConfigurationList = 89855F01199B2BC2006E5A14 /* Build configuration list for PBXProject "KTP" */;
			compatibilityVersion = "Xcode 3.2";
			developmentRegion = English;
			hasScannedForEncodings = 0;
			knownRegions = (
				en,
			);
			mainGroup = 89855EFD199B2BC2006E5A14;
			productRefGroup = 89855F07199B2BC2006E5A14 /* Products */;
			projectDirPath = "";
			projectRoot = "";
			targets = (
				89855F05199B2BC2006E5A14 /* KTP */,
				89855F20199B2BC2006E5A14 /* KTPTests */,
			);
		};
/* End PBXProject section */

/* Begin PBXResourcesBuildPhase section */
		89855F04199B2BC2006E5A14 /* Resources */ = {
			isa = PBXResourcesBuildPhase;
			buildActionMask = 2147483647;
			files = (
				89855F14199B2BC2006E5A14 /* InfoPlist.strings in Resources */,
				89855F1C199B2BC2006E5A14 /* Images.xcassets in Resources */,
			);
			runOnlyForDeploymentPostprocessing = 0;
		};
		89855F1F199B2BC2006E5A14 /* Resources */ = {
			isa = PBXResourcesBuildPhase;
			buildActionMask = 2147483647;
			files = (
				89855F2D199B2BC2006E5A14 /* InfoPlist.strings in Resources */,
			);
			runOnlyForDeploymentPostprocessing = 0;
		};
/* End PBXResourcesBuildPhase section */

/* Begin PBXSourcesBuildPhase section */
		89855F02199B2BC2006E5A14 /* Sources */ = {
			isa = PBXSourcesBuildPhase;
			buildActionMask = 2147483647;
			files = (
				89581F6A199B2E230033B5A4 /* KTPViewController.m in Sources */,
				89855F1A199B2BC2006E5A14 /* KTPAppDelegate.m in Sources */,
				89581F5B199B2D330033B5A4 /* KTPTabBarController.m in Sources */,
				89581F70199B2E230033B5A4 /* UIColor+KTPColors.m in Sources */,
				89581FB2199C65B90033B5A4 /* KTPRequirementsDataSource.m in Sources */,
				89581F73199B33100033B5A4 /* KTPRequirementsViewController.m in Sources */,
				89581F6F199B2E230033B5A4 /* KTPBlockView.m in Sources */,
				89855F16199B2BC2006E5A14 /* main.m in Sources */,
			);
			runOnlyForDeploymentPostprocessing = 0;
		};
		89855F1D199B2BC2006E5A14 /* Sources */ = {
			isa = PBXSourcesBuildPhase;
			buildActionMask = 2147483647;
			files = (
				89855F2F199B2BC2006E5A14 /* KTPTests.m in Sources */,
			);
			runOnlyForDeploymentPostprocessing = 0;
		};
/* End PBXSourcesBuildPhase section */

/* Begin PBXTargetDependency section */
		89855F27199B2BC2006E5A14 /* PBXTargetDependency */ = {
			isa = PBXTargetDependency;
			target = 89855F05199B2BC2006E5A14 /* KTP */;
			targetProxy = 89855F26199B2BC2006E5A14 /* PBXContainerItemProxy */;
		};
/* End PBXTargetDependency section */

/* Begin PBXVariantGroup section */
		89855F12199B2BC2006E5A14 /* InfoPlist.strings */ = {
			isa = PBXVariantGroup;
			children = (
				89855F13199B2BC2006E5A14 /* en */,
			);
			name = InfoPlist.strings;
			sourceTree = "<group>";
		};
		89855F2B199B2BC2006E5A14 /* InfoPlist.strings */ = {
			isa = PBXVariantGroup;
			children = (
				89855F2C199B2BC2006E5A14 /* en */,
			);
			name = InfoPlist.strings;
			sourceTree = "<group>";
		};
/* End PBXVariantGroup section */

/* Begin XCBuildConfiguration section */
		89855F30199B2BC2006E5A14 /* Debug */ = {
			isa = XCBuildConfiguration;
			buildSettings = {
				ALWAYS_SEARCH_USER_PATHS = NO;
				CLANG_CXX_LANGUAGE_STANDARD = "gnu++0x";
				CLANG_CXX_LIBRARY = "libc++";
				CLANG_ENABLE_MODULES = YES;
				CLANG_ENABLE_OBJC_ARC = YES;
				CLANG_WARN_BOOL_CONVERSION = YES;
				CLANG_WARN_CONSTANT_CONVERSION = YES;
				CLANG_WARN_DIRECT_OBJC_ISA_USAGE = YES_ERROR;
				CLANG_WARN_EMPTY_BODY = YES;
				CLANG_WARN_ENUM_CONVERSION = YES;
				CLANG_WARN_INT_CONVERSION = YES;
				CLANG_WARN_OBJC_ROOT_CLASS = YES_ERROR;
				CLANG_WARN__DUPLICATE_METHOD_MATCH = YES;
				"CODE_SIGN_IDENTITY[sdk=iphoneos*]" = "iPhone Developer";
				COPY_PHASE_STRIP = NO;
				GCC_C_LANGUAGE_STANDARD = gnu99;
				GCC_DYNAMIC_NO_PIC = NO;
				GCC_OPTIMIZATION_LEVEL = 0;
				GCC_PREPROCESSOR_DEFINITIONS = (
					"DEBUG=1",
					"$(inherited)",
				);
				GCC_SYMBOLS_PRIVATE_EXTERN = NO;
				GCC_WARN_64_TO_32_BIT_CONVERSION = YES;
				GCC_WARN_ABOUT_RETURN_TYPE = YES_ERROR;
				GCC_WARN_UNDECLARED_SELECTOR = YES;
				GCC_WARN_UNINITIALIZED_AUTOS = YES_AGGRESSIVE;
				GCC_WARN_UNUSED_FUNCTION = YES;
				GCC_WARN_UNUSED_VARIABLE = YES;
				IPHONEOS_DEPLOYMENT_TARGET = 7.1;
				ONLY_ACTIVE_ARCH = YES;
				SDKROOT = iphoneos;
				TARGETED_DEVICE_FAMILY = "1,2";
			};
			name = Debug;
		};
		89855F31199B2BC2006E5A14 /* Release */ = {
			isa = XCBuildConfiguration;
			buildSettings = {
				ALWAYS_SEARCH_USER_PATHS = NO;
				CLANG_CXX_LANGUAGE_STANDARD = "gnu++0x";
				CLANG_CXX_LIBRARY = "libc++";
				CLANG_ENABLE_MODULES = YES;
				CLANG_ENABLE_OBJC_ARC = YES;
				CLANG_WARN_BOOL_CONVERSION = YES;
				CLANG_WARN_CONSTANT_CONVERSION = YES;
				CLANG_WARN_DIRECT_OBJC_ISA_USAGE = YES_ERROR;
				CLANG_WARN_EMPTY_BODY = YES;
				CLANG_WARN_ENUM_CONVERSION = YES;
				CLANG_WARN_INT_CONVERSION = YES;
				CLANG_WARN_OBJC_ROOT_CLASS = YES_ERROR;
				CLANG_WARN__DUPLICATE_METHOD_MATCH = YES;
				"CODE_SIGN_IDENTITY[sdk=iphoneos*]" = "iPhone Developer";
				COPY_PHASE_STRIP = YES;
				ENABLE_NS_ASSERTIONS = NO;
				GCC_C_LANGUAGE_STANDARD = gnu99;
				GCC_WARN_64_TO_32_BIT_CONVERSION = YES;
				GCC_WARN_ABOUT_RETURN_TYPE = YES_ERROR;
				GCC_WARN_UNDECLARED_SELECTOR = YES;
				GCC_WARN_UNINITIALIZED_AUTOS = YES_AGGRESSIVE;
				GCC_WARN_UNUSED_FUNCTION = YES;
				GCC_WARN_UNUSED_VARIABLE = YES;
				IPHONEOS_DEPLOYMENT_TARGET = 7.1;
				SDKROOT = iphoneos;
				TARGETED_DEVICE_FAMILY = "1,2";
				VALIDATE_PRODUCT = YES;
			};
			name = Release;
		};
		89855F33199B2BC2006E5A14 /* Debug */ = {
			isa = XCBuildConfiguration;
			buildSettings = {
				ASSETCATALOG_COMPILER_APPICON_NAME = AppIcon;
				ASSETCATALOG_COMPILER_LAUNCHIMAGE_NAME = LaunchImage;
				GCC_PRECOMPILE_PREFIX_HEADER = YES;
				GCC_PREFIX_HEADER = "KTP/KTP-Prefix.pch";
				INFOPLIST_FILE = "KTP/KTP-Info.plist";
				PRODUCT_NAME = "$(TARGET_NAME)";
				WRAPPER_EXTENSION = app;
			};
			name = Debug;
		};
		89855F34199B2BC2006E5A14 /* Release */ = {
			isa = XCBuildConfiguration;
			buildSettings = {
				ASSETCATALOG_COMPILER_APPICON_NAME = AppIcon;
				ASSETCATALOG_COMPILER_LAUNCHIMAGE_NAME = LaunchImage;
				GCC_PRECOMPILE_PREFIX_HEADER = YES;
				GCC_PREFIX_HEADER = "KTP/KTP-Prefix.pch";
				INFOPLIST_FILE = "KTP/KTP-Info.plist";
				PRODUCT_NAME = "$(TARGET_NAME)";
				WRAPPER_EXTENSION = app;
			};
			name = Release;
		};
		89855F36199B2BC2006E5A14 /* Debug */ = {
			isa = XCBuildConfiguration;
			buildSettings = {
				BUNDLE_LOADER = "$(BUILT_PRODUCTS_DIR)/KTP.app/KTP";
				FRAMEWORK_SEARCH_PATHS = (
					"$(SDKROOT)/Developer/Library/Frameworks",
					"$(inherited)",
					"$(DEVELOPER_FRAMEWORKS_DIR)",
				);
				GCC_PRECOMPILE_PREFIX_HEADER = YES;
				GCC_PREFIX_HEADER = "KTP/KTP-Prefix.pch";
				GCC_PREPROCESSOR_DEFINITIONS = (
					"DEBUG=1",
					"$(inherited)",
				);
				INFOPLIST_FILE = "KTPTests/KTPTests-Info.plist";
				PRODUCT_NAME = "$(TARGET_NAME)";
				TEST_HOST = "$(BUNDLE_LOADER)";
				WRAPPER_EXTENSION = xctest;
			};
			name = Debug;
		};
		89855F37199B2BC2006E5A14 /* Release */ = {
			isa = XCBuildConfiguration;
			buildSettings = {
				BUNDLE_LOADER = "$(BUILT_PRODUCTS_DIR)/KTP.app/KTP";
				FRAMEWORK_SEARCH_PATHS = (
					"$(SDKROOT)/Developer/Library/Frameworks",
					"$(inherited)",
					"$(DEVELOPER_FRAMEWORKS_DIR)",
				);
				GCC_PRECOMPILE_PREFIX_HEADER = YES;
				GCC_PREFIX_HEADER = "KTP/KTP-Prefix.pch";
				INFOPLIST_FILE = "KTPTests/KTPTests-Info.plist";
				PRODUCT_NAME = "$(TARGET_NAME)";
				TEST_HOST = "$(BUNDLE_LOADER)";
				WRAPPER_EXTENSION = xctest;
			};
			name = Release;
		};
/* End XCBuildConfiguration section */

/* Begin XCConfigurationList section */
		89855F01199B2BC2006E5A14 /* Build configuration list for PBXProject "KTP" */ = {
			isa = XCConfigurationList;
			buildConfigurations = (
				89855F30199B2BC2006E5A14 /* Debug */,
				89855F31199B2BC2006E5A14 /* Release */,
			);
			defaultConfigurationIsVisible = 0;
			defaultConfigurationName = Release;
		};
		89855F32199B2BC2006E5A14 /* Build configuration list for PBXNativeTarget "KTP" */ = {
			isa = XCConfigurationList;
			buildConfigurations = (
				89855F33199B2BC2006E5A14 /* Debug */,
				89855F34199B2BC2006E5A14 /* Release */,
			);
			defaultConfigurationIsVisible = 0;
			defaultConfigurationName = Release;
		};
		89855F35199B2BC2006E5A14 /* Build configuration list for PBXNativeTarget "KTPTests" */ = {
			isa = XCConfigurationList;
			buildConfigurations = (
				89855F36199B2BC2006E5A14 /* Debug */,
				89855F37199B2BC2006E5A14 /* Release */,
			);
			defaultConfigurationIsVisible = 0;
			defaultConfigurationName = Release;
		};
/* End XCConfigurationList section */
	};
	rootObject = 89855EFE199B2BC2006E5A14 /* Project object */;
}
