<?xml version="1.0" encoding="UTF-8"?>
<!DOCTYPE plist PUBLIC "-//Apple//DTD PLIST 1.0//EN" "http://www.apple.com/DTDs/PropertyList-1.0.dtd">
<plist version="1.0">
<dict>
	<key>archiveVersion</key>
	<string>1</string>
	<key>classes</key>
	<dict/>
	<key>objectVersion</key>
	<string>46</string>
	<key>objects</key>
	<dict>
		<key>89581F66199B2E230033B5A4</key>
		<dict>
			<key>fileEncoding</key>
			<string>4</string>
			<key>isa</key>
			<string>PBXFileReference</string>
			<key>lastKnownFileType</key>
			<string>sourcecode.c.h</string>
			<key>path</key>
			<string>KTPBlockView.h</string>
			<key>sourceTree</key>
			<string>&lt;group&gt;</string>
		</dict>
		<key>89581F67199B2E230033B5A4</key>
		<dict>
			<key>fileEncoding</key>
			<string>4</string>
			<key>isa</key>
			<string>PBXFileReference</string>
			<key>lastKnownFileType</key>
			<string>sourcecode.c.objc</string>
			<key>path</key>
			<string>KTPBlockView.m</string>
			<key>sourceTree</key>
			<string>&lt;group&gt;</string>
		</dict>
		<key>89581F68199B2E230033B5A4</key>
		<dict>
			<key>fileEncoding</key>
			<string>4</string>
			<key>isa</key>
			<string>PBXFileReference</string>
			<key>lastKnownFileType</key>
			<string>sourcecode.c.h</string>
			<key>path</key>
			<string>UIColor+KTPColors.h</string>
			<key>sourceTree</key>
			<string>&lt;group&gt;</string>
		</dict>
		<key>89581F69199B2E230033B5A4</key>
		<dict>
			<key>fileEncoding</key>
			<string>4</string>
			<key>isa</key>
			<string>PBXFileReference</string>
			<key>lastKnownFileType</key>
			<string>sourcecode.c.objc</string>
			<key>path</key>
			<string>UIColor+KTPColors.m</string>
			<key>sourceTree</key>
			<string>&lt;group&gt;</string>
		</dict>
		<key>89581F6F199B2E230033B5A4</key>
		<dict>
			<key>fileRef</key>
			<string>89581F67199B2E230033B5A4</string>
			<key>isa</key>
			<string>PBXBuildFile</string>
		</dict>
		<key>89581F70199B2E230033B5A4</key>
		<dict>
			<key>fileRef</key>
			<string>89581F69199B2E230033B5A4</string>
			<key>isa</key>
			<string>PBXBuildFile</string>
		</dict>
		<key>89581F71199B33100033B5A4</key>
		<dict>
			<key>fileEncoding</key>
			<string>4</string>
			<key>isa</key>
			<string>PBXFileReference</string>
			<key>lastKnownFileType</key>
			<string>sourcecode.c.h</string>
			<key>path</key>
			<string>KTPRequirementsViewController.h</string>
			<key>sourceTree</key>
			<string>&lt;group&gt;</string>
		</dict>
		<key>89581F72199B33100033B5A4</key>
		<dict>
			<key>fileEncoding</key>
			<string>4</string>
			<key>isa</key>
			<string>PBXFileReference</string>
			<key>lastKnownFileType</key>
			<string>sourcecode.c.objc</string>
			<key>path</key>
			<string>KTPRequirementsViewController.m</string>
			<key>sourceTree</key>
			<string>&lt;group&gt;</string>
		</dict>
		<key>89581F73199B33100033B5A4</key>
		<dict>
			<key>fileRef</key>
			<string>89581F72199B33100033B5A4</string>
			<key>isa</key>
			<string>PBXBuildFile</string>
		</dict>
		<key>89581FB0199C65B90033B5A4</key>
		<dict>
			<key>fileEncoding</key>
			<string>4</string>
			<key>isa</key>
			<string>PBXFileReference</string>
			<key>lastKnownFileType</key>
			<string>sourcecode.c.h</string>
			<key>path</key>
			<string>KTPRequirementsDataSource.h</string>
			<key>sourceTree</key>
			<string>&lt;group&gt;</string>
		</dict>
		<key>89581FB1199C65B90033B5A4</key>
		<dict>
			<key>fileEncoding</key>
			<string>4</string>
			<key>isa</key>
			<string>PBXFileReference</string>
			<key>lastKnownFileType</key>
			<string>sourcecode.c.objc</string>
			<key>path</key>
			<string>KTPRequirementsDataSource.m</string>
			<key>sourceTree</key>
			<string>&lt;group&gt;</string>
		</dict>
		<key>89581FB2199C65B90033B5A4</key>
		<dict>
			<key>fileRef</key>
			<string>89581FB1199C65B90033B5A4</string>
			<key>isa</key>
			<string>PBXBuildFile</string>
		</dict>
		<key>89581FB6199C6EA20033B5A4</key>
		<dict>
			<key>children</key>
			<array>
				<string>89581F68199B2E230033B5A4</string>
				<string>89581F69199B2E230033B5A4</string>
			</array>
			<key>isa</key>
			<string>PBXGroup</string>
			<key>name</key>
			<string>Categories</string>
			<key>sourceTree</key>
			<string>&lt;group&gt;</string>
		</dict>
		<key>89581FB7199C6EB10033B5A4</key>
		<dict>
			<key>children</key>
			<array>
				<string>89581F66199B2E230033B5A4</string>
				<string>89581F67199B2E230033B5A4</string>
				<string>897E8F0819AE477C001C849F</string>
				<string>897E8F0919AE477C001C849F</string>
			</array>
			<key>isa</key>
			<string>PBXGroup</string>
			<key>name</key>
			<string>Views</string>
			<key>sourceTree</key>
			<string>&lt;group&gt;</string>
		</dict>
		<key>89581FB8199C6EB80033B5A4</key>
		<dict>
			<key>children</key>
			<array>
				<string>897E8F1719AE544F001C849F</string>
				<string>897E8F1819AE544F001C849F</string>
			</array>
			<key>isa</key>
			<string>PBXGroup</string>
			<key>name</key>
			<string>Data</string>
			<key>sourceTree</key>
			<string>&lt;group&gt;</string>
		</dict>
		<key>89581FB9199C6EC30033B5A4</key>
		<dict>
			<key>children</key>
			<array>
				<string>897E8F1419AE51FB001C849F</string>
				<string>897E8F1519AE51FB001C849F</string>
			</array>
			<key>isa</key>
			<string>PBXGroup</string>
			<key>name</key>
			<string>AnnouncementsView</string>
			<key>sourceTree</key>
			<string>&lt;group&gt;</string>
		</dict>
		<key>897E8F0819AE477C001C849F</key>
		<dict>
			<key>fileEncoding</key>
			<string>4</string>
			<key>isa</key>
			<string>PBXFileReference</string>
			<key>lastKnownFileType</key>
			<string>sourcecode.c.h</string>
			<key>path</key>
			<string>KTPTextField.h</string>
			<key>sourceTree</key>
			<string>&lt;group&gt;</string>
		</dict>
		<key>897E8F0919AE477C001C849F</key>
		<dict>
			<key>fileEncoding</key>
			<string>4</string>
			<key>isa</key>
			<string>PBXFileReference</string>
			<key>lastKnownFileType</key>
			<string>sourcecode.c.objc</string>
			<key>path</key>
			<string>KTPTextField.m</string>
			<key>sourceTree</key>
			<string>&lt;group&gt;</string>
		</dict>
		<key>897E8F0A19AE477C001C849F</key>
		<dict>
			<key>fileRef</key>
			<string>897E8F0919AE477C001C849F</string>
			<key>isa</key>
			<string>PBXBuildFile</string>
		</dict>
		<key>897E8F0E19AE4D3D001C849F</key>
		<dict>
			<key>fileEncoding</key>
			<string>4</string>
			<key>isa</key>
			<string>PBXFileReference</string>
			<key>lastKnownFileType</key>
			<string>sourcecode.c.h</string>
			<key>path</key>
			<string>KTPLoginViewController.h</string>
			<key>sourceTree</key>
			<string>&lt;group&gt;</string>
		</dict>
		<key>897E8F0F19AE4D3D001C849F</key>
		<dict>
			<key>fileEncoding</key>
			<string>4</string>
			<key>isa</key>
			<string>PBXFileReference</string>
			<key>lastKnownFileType</key>
			<string>sourcecode.c.objc</string>
			<key>path</key>
			<string>KTPLoginViewController.m</string>
			<key>sourceTree</key>
			<string>&lt;group&gt;</string>
		</dict>
		<key>897E8F1019AE4D3D001C849F</key>
		<dict>
			<key>fileRef</key>
			<string>897E8F0F19AE4D3D001C849F</string>
			<key>isa</key>
			<string>PBXBuildFile</string>
		</dict>
		<key>897E8F1419AE51FB001C849F</key>
		<dict>
			<key>fileEncoding</key>
			<string>4</string>
			<key>isa</key>
			<string>PBXFileReference</string>
			<key>lastKnownFileType</key>
			<string>sourcecode.c.h</string>
			<key>path</key>
			<string>KTPAnnouncementsViewController.h</string>
			<key>sourceTree</key>
			<string>&lt;group&gt;</string>
		</dict>
		<key>897E8F1519AE51FB001C849F</key>
		<dict>
			<key>fileEncoding</key>
			<string>4</string>
			<key>isa</key>
			<string>PBXFileReference</string>
			<key>lastKnownFileType</key>
			<string>sourcecode.c.objc</string>
			<key>path</key>
			<string>KTPAnnouncementsViewController.m</string>
			<key>sourceTree</key>
			<string>&lt;group&gt;</string>
		</dict>
		<key>897E8F1619AE51FB001C849F</key>
		<dict>
			<key>fileRef</key>
			<string>897E8F1519AE51FB001C849F</string>
			<key>isa</key>
			<string>PBXBuildFile</string>
		</dict>
		<key>897E8F1719AE544F001C849F</key>
		<dict>
			<key>fileEncoding</key>
			<string>4</string>
			<key>isa</key>
			<string>PBXFileReference</string>
			<key>lastKnownFileType</key>
			<string>sourcecode.c.h</string>
			<key>path</key>
			<string>KTPUser.h</string>
			<key>sourceTree</key>
			<string>&lt;group&gt;</string>
		</dict>
		<key>897E8F1819AE544F001C849F</key>
		<dict>
			<key>fileEncoding</key>
			<string>4</string>
			<key>isa</key>
			<string>PBXFileReference</string>
			<key>lastKnownFileType</key>
			<string>sourcecode.c.objc</string>
			<key>path</key>
			<string>KTPUser.m</string>
			<key>sourceTree</key>
			<string>&lt;group&gt;</string>
		</dict>
		<key>897E8F1919AE544F001C849F</key>
		<dict>
			<key>fileRef</key>
			<string>897E8F1819AE544F001C849F</string>
			<key>isa</key>
			<string>PBXBuildFile</string>
		</dict>
		<key>89855EFD199B2BC2006E5A14</key>
		<dict>
			<key>children</key>
			<array>
				<string>89855F0F199B2BC2006E5A14</string>
				<string>89855F28199B2BC2006E5A14</string>
				<string>89855F08199B2BC2006E5A14</string>
				<string>89855F07199B2BC2006E5A14</string>
			</array>
			<key>isa</key>
			<string>PBXGroup</string>
			<key>sourceTree</key>
			<string>&lt;group&gt;</string>
		</dict>
		<key>89855EFE199B2BC2006E5A14</key>
		<dict>
			<key>attributes</key>
			<dict>
				<key>CLASSPREFIX</key>
				<string>KTP</string>
				<key>LastUpgradeCheck</key>
				<string>0510</string>
				<key>ORGANIZATIONNAME</key>
				<string>Kappa Theta Pi</string>
				<key>TargetAttributes</key>
				<dict>
					<key>89855F20199B2BC2006E5A14</key>
					<dict>
						<key>TestTargetID</key>
						<string>89855F05199B2BC2006E5A14</string>
					</dict>
				</dict>
			</dict>
			<key>buildConfigurationList</key>
			<string>89855F01199B2BC2006E5A14</string>
			<key>compatibilityVersion</key>
			<string>Xcode 3.2</string>
			<key>developmentRegion</key>
			<string>English</string>
			<key>hasScannedForEncodings</key>
			<string>0</string>
			<key>isa</key>
			<string>PBXProject</string>
			<key>knownRegions</key>
			<array>
				<string>en</string>
			</array>
			<key>mainGroup</key>
			<string>89855EFD199B2BC2006E5A14</string>
			<key>productRefGroup</key>
			<string>89855F07199B2BC2006E5A14</string>
			<key>projectDirPath</key>
			<string></string>
			<key>projectReferences</key>
			<array/>
			<key>projectRoot</key>
			<string></string>
			<key>targets</key>
			<array>
				<string>89855F05199B2BC2006E5A14</string>
				<string>89855F20199B2BC2006E5A14</string>
			</array>
		</dict>
		<key>89855F01199B2BC2006E5A14</key>
		<dict>
			<key>buildConfigurations</key>
			<array>
				<string>89855F30199B2BC2006E5A14</string>
				<string>89855F31199B2BC2006E5A14</string>
			</array>
			<key>defaultConfigurationIsVisible</key>
			<string>0</string>
			<key>defaultConfigurationName</key>
			<string>Release</string>
			<key>isa</key>
			<string>XCConfigurationList</string>
		</dict>
		<key>89855F02199B2BC2006E5A14</key>
		<dict>
			<key>buildActionMask</key>
			<string>2147483647</string>
			<key>files</key>
			<array>
				<string>897E8F1019AE4D3D001C849F</string>
				<string>89855F1A199B2BC2006E5A14</string>
				<string>A8C1DAFE1A15ADA300298FF9</string>
				<string>A809436A1A6EF5CD00B03647</string>
				<string>897E8F1619AE51FB001C849F</string>
				<string>A8C1DB011A15ADF700298FF9</string>
				<string>89581F70199B2E230033B5A4</string>
				<string>897E8F1919AE544F001C849F</string>
				<string>A87303A11A72C2A80062B072</string>
				<string>A809436D1A6EF98600B03647</string>
				<string>89581FB2199C65B90033B5A4</string>
				<string>897E8F0A19AE477C001C849F</string>
				<string>89581F73199B33100033B5A4</string>
				<string>A80943661A6EEF3600B03647</string>
				<string>A87303981A6F18850062B072</string>
				<string>89581F6F199B2E230033B5A4</string>
				<string>A87303A41A73AD200062B072</string>
				<string>A80943631A6EEE3600B03647</string>
				<string>A873039D1A7199560062B072</string>
				<string>89855F16199B2BC2006E5A14</string>
			</array>
			<key>isa</key>
			<string>PBXSourcesBuildPhase</string>
			<key>runOnlyForDeploymentPostprocessing</key>
			<string>0</string>
		</dict>
		<key>89855F03199B2BC2006E5A14</key>
		<dict>
			<key>buildActionMask</key>
			<string>2147483647</string>
			<key>files</key>
			<array>
				<string>89855F0C199B2BC2006E5A14</string>
				<string>89855F0E199B2BC2006E5A14</string>
				<string>89855F0A199B2BC2006E5A14</string>
			</array>
			<key>isa</key>
			<string>PBXFrameworksBuildPhase</string>
			<key>runOnlyForDeploymentPostprocessing</key>
			<string>0</string>
		</dict>
		<key>89855F04199B2BC2006E5A14</key>
		<dict>
			<key>buildActionMask</key>
			<string>2147483647</string>
			<key>files</key>
			<array>
				<string>89855F14199B2BC2006E5A14</string>
				<string>89855F1C199B2BC2006E5A14</string>
			</array>
			<key>isa</key>
			<string>PBXResourcesBuildPhase</string>
			<key>runOnlyForDeploymentPostprocessing</key>
			<string>0</string>
		</dict>
		<key>89855F05199B2BC2006E5A14</key>
		<dict>
			<key>buildConfigurationList</key>
			<string>89855F32199B2BC2006E5A14</string>
			<key>buildPhases</key>
			<array>
				<string>89855F02199B2BC2006E5A14</string>
				<string>89855F03199B2BC2006E5A14</string>
				<string>89855F04199B2BC2006E5A14</string>
			</array>
			<key>buildRules</key>
			<array/>
			<key>dependencies</key>
			<array/>
			<key>isa</key>
			<string>PBXNativeTarget</string>
			<key>name</key>
			<string>KTP</string>
			<key>productName</key>
			<string>KTP</string>
			<key>productReference</key>
			<string>89855F06199B2BC2006E5A14</string>
			<key>productType</key>
			<string>com.apple.product-type.application</string>
		</dict>
		<key>89855F06199B2BC2006E5A14</key>
		<dict>
			<key>explicitFileType</key>
			<string>wrapper.application</string>
			<key>includeInIndex</key>
			<string>0</string>
			<key>isa</key>
			<string>PBXFileReference</string>
			<key>path</key>
			<string>KTP.app</string>
			<key>sourceTree</key>
			<string>BUILT_PRODUCTS_DIR</string>
		</dict>
		<key>89855F07199B2BC2006E5A14</key>
		<dict>
			<key>children</key>
			<array>
				<string>89855F06199B2BC2006E5A14</string>
				<string>89855F21199B2BC2006E5A14</string>
			</array>
			<key>isa</key>
			<string>PBXGroup</string>
			<key>name</key>
			<string>Products</string>
			<key>sourceTree</key>
			<string>&lt;group&gt;</string>
		</dict>
		<key>89855F08199B2BC2006E5A14</key>
		<dict>
			<key>children</key>
			<array>
				<string>89855F09199B2BC2006E5A14</string>
				<string>89855F0B199B2BC2006E5A14</string>
				<string>89855F0D199B2BC2006E5A14</string>
				<string>89855F22199B2BC2006E5A14</string>
			</array>
			<key>isa</key>
			<string>PBXGroup</string>
			<key>name</key>
			<string>Frameworks</string>
			<key>sourceTree</key>
			<string>&lt;group&gt;</string>
		</dict>
		<key>89855F09199B2BC2006E5A14</key>
		<dict>
			<key>isa</key>
			<string>PBXFileReference</string>
			<key>lastKnownFileType</key>
			<string>wrapper.framework</string>
			<key>name</key>
			<string>Foundation.framework</string>
			<key>path</key>
			<string>System/Library/Frameworks/Foundation.framework</string>
			<key>sourceTree</key>
			<string>SDKROOT</string>
		</dict>
		<key>89855F0A199B2BC2006E5A14</key>
		<dict>
			<key>fileRef</key>
			<string>89855F09199B2BC2006E5A14</string>
			<key>isa</key>
			<string>PBXBuildFile</string>
		</dict>
		<key>89855F0B199B2BC2006E5A14</key>
		<dict>
			<key>isa</key>
			<string>PBXFileReference</string>
			<key>lastKnownFileType</key>
			<string>wrapper.framework</string>
			<key>name</key>
			<string>CoreGraphics.framework</string>
			<key>path</key>
			<string>System/Library/Frameworks/CoreGraphics.framework</string>
			<key>sourceTree</key>
			<string>SDKROOT</string>
		</dict>
		<key>89855F0C199B2BC2006E5A14</key>
		<dict>
			<key>fileRef</key>
			<string>89855F0B199B2BC2006E5A14</string>
			<key>isa</key>
			<string>PBXBuildFile</string>
		</dict>
		<key>89855F0D199B2BC2006E5A14</key>
		<dict>
			<key>isa</key>
			<string>PBXFileReference</string>
			<key>lastKnownFileType</key>
			<string>wrapper.framework</string>
			<key>name</key>
			<string>UIKit.framework</string>
			<key>path</key>
			<string>System/Library/Frameworks/UIKit.framework</string>
			<key>sourceTree</key>
			<string>SDKROOT</string>
		</dict>
		<key>89855F0E199B2BC2006E5A14</key>
		<dict>
			<key>fileRef</key>
			<string>89855F0D199B2BC2006E5A14</string>
			<key>isa</key>
			<string>PBXBuildFile</string>
		</dict>
		<key>89855F0F199B2BC2006E5A14</key>
		<dict>
			<key>children</key>
			<array>
				<string>89855F18199B2BC2006E5A14</string>
				<string>89855F19199B2BC2006E5A14</string>
				<string>A80943611A6EEE3600B03647</string>
				<string>A80943621A6EEE3600B03647</string>
				<string>A873039F1A72C2A80062B072</string>
				<string>A87303A01A72C2A80062B072</string>
				<string>A80943671A6EEF7400B03647</string>
				<string>A873039E1A71AE820062B072</string>
				<string>A8C1DAF81A15AD5200298FF9</string>
				<string>89A1553B19AE598A00DE7346</string>
				<string>89A1553C19AE599400DE7346</string>
				<string>89581FB9199C6EC30033B5A4</string>
				<string>89581FB8199C6EB80033B5A4</string>
				<string>89581FB7199C6EB10033B5A4</string>
				<string>89581FB6199C6EA20033B5A4</string>
				<string>89855F1B199B2BC2006E5A14</string>
				<string>89855F10199B2BC2006E5A14</string>
			</array>
			<key>isa</key>
			<string>PBXGroup</string>
			<key>path</key>
			<string>KTP</string>
			<key>sourceTree</key>
			<string>&lt;group&gt;</string>
		</dict>
		<key>89855F10199B2BC2006E5A14</key>
		<dict>
			<key>children</key>
			<array>
				<string>89855F11199B2BC2006E5A14</string>
				<string>89855F12199B2BC2006E5A14</string>
				<string>89855F15199B2BC2006E5A14</string>
				<string>89855F17199B2BC2006E5A14</string>
			</array>
			<key>isa</key>
			<string>PBXGroup</string>
			<key>name</key>
			<string>Supporting Files</string>
			<key>sourceTree</key>
			<string>&lt;group&gt;</string>
		</dict>
		<key>89855F11199B2BC2006E5A14</key>
		<dict>
			<key>isa</key>
			<string>PBXFileReference</string>
			<key>lastKnownFileType</key>
			<string>text.plist.xml</string>
			<key>path</key>
			<string>KTP-Info.plist</string>
			<key>sourceTree</key>
			<string>&lt;group&gt;</string>
		</dict>
		<key>89855F12199B2BC2006E5A14</key>
		<dict>
			<key>children</key>
			<array>
				<string>89855F13199B2BC2006E5A14</string>
			</array>
			<key>isa</key>
			<string>PBXVariantGroup</string>
			<key>name</key>
			<string>InfoPlist.strings</string>
			<key>sourceTree</key>
			<string>&lt;group&gt;</string>
		</dict>
		<key>89855F13199B2BC2006E5A14</key>
		<dict>
			<key>isa</key>
			<string>PBXFileReference</string>
			<key>lastKnownFileType</key>
			<string>text.plist.strings</string>
			<key>name</key>
			<string>en</string>
			<key>path</key>
			<string>en.lproj/InfoPlist.strings</string>
			<key>sourceTree</key>
			<string>&lt;group&gt;</string>
		</dict>
		<key>89855F14199B2BC2006E5A14</key>
		<dict>
			<key>fileRef</key>
			<string>89855F12199B2BC2006E5A14</string>
			<key>isa</key>
			<string>PBXBuildFile</string>
		</dict>
		<key>89855F15199B2BC2006E5A14</key>
		<dict>
			<key>isa</key>
			<string>PBXFileReference</string>
			<key>lastKnownFileType</key>
			<string>sourcecode.c.objc</string>
			<key>path</key>
			<string>main.m</string>
			<key>sourceTree</key>
			<string>&lt;group&gt;</string>
		</dict>
		<key>89855F16199B2BC2006E5A14</key>
		<dict>
			<key>fileRef</key>
			<string>89855F15199B2BC2006E5A14</string>
			<key>isa</key>
			<string>PBXBuildFile</string>
		</dict>
		<key>89855F17199B2BC2006E5A14</key>
		<dict>
			<key>isa</key>
			<string>PBXFileReference</string>
			<key>lastKnownFileType</key>
			<string>sourcecode.c.h</string>
			<key>path</key>
			<string>KTP-Prefix.pch</string>
			<key>sourceTree</key>
			<string>&lt;group&gt;</string>
		</dict>
		<key>89855F18199B2BC2006E5A14</key>
		<dict>
			<key>isa</key>
			<string>PBXFileReference</string>
			<key>lastKnownFileType</key>
			<string>sourcecode.c.h</string>
			<key>path</key>
			<string>KTPAppDelegate.h</string>
			<key>sourceTree</key>
			<string>&lt;group&gt;</string>
		</dict>
		<key>89855F19199B2BC2006E5A14</key>
		<dict>
			<key>isa</key>
			<string>PBXFileReference</string>
			<key>lastKnownFileType</key>
			<string>sourcecode.c.objc</string>
			<key>path</key>
			<string>KTPAppDelegate.m</string>
			<key>sourceTree</key>
			<string>&lt;group&gt;</string>
		</dict>
		<key>89855F1A199B2BC2006E5A14</key>
		<dict>
			<key>fileRef</key>
			<string>89855F19199B2BC2006E5A14</string>
			<key>isa</key>
			<string>PBXBuildFile</string>
		</dict>
		<key>89855F1B199B2BC2006E5A14</key>
		<dict>
			<key>isa</key>
			<string>PBXFileReference</string>
			<key>lastKnownFileType</key>
			<string>folder.assetcatalog</string>
			<key>path</key>
			<string>Images.xcassets</string>
			<key>sourceTree</key>
			<string>&lt;group&gt;</string>
		</dict>
		<key>89855F1C199B2BC2006E5A14</key>
		<dict>
			<key>fileRef</key>
			<string>89855F1B199B2BC2006E5A14</string>
			<key>isa</key>
			<string>PBXBuildFile</string>
		</dict>
		<key>89855F1D199B2BC2006E5A14</key>
		<dict>
			<key>buildActionMask</key>
			<string>2147483647</string>
			<key>files</key>
			<array>
				<string>89855F2F199B2BC2006E5A14</string>
			</array>
			<key>isa</key>
			<string>PBXSourcesBuildPhase</string>
			<key>runOnlyForDeploymentPostprocessing</key>
			<string>0</string>
		</dict>
		<key>89855F1E199B2BC2006E5A14</key>
		<dict>
			<key>buildActionMask</key>
			<string>2147483647</string>
			<key>files</key>
			<array>
				<string>89855F23199B2BC2006E5A14</string>
				<string>89855F25199B2BC2006E5A14</string>
				<string>89855F24199B2BC2006E5A14</string>
			</array>
			<key>isa</key>
			<string>PBXFrameworksBuildPhase</string>
			<key>runOnlyForDeploymentPostprocessing</key>
			<string>0</string>
		</dict>
		<key>89855F1F199B2BC2006E5A14</key>
		<dict>
			<key>buildActionMask</key>
			<string>2147483647</string>
			<key>files</key>
			<array>
				<string>89855F2D199B2BC2006E5A14</string>
			</array>
			<key>isa</key>
			<string>PBXResourcesBuildPhase</string>
			<key>runOnlyForDeploymentPostprocessing</key>
			<string>0</string>
		</dict>
		<key>89855F20199B2BC2006E5A14</key>
		<dict>
			<key>buildConfigurationList</key>
			<string>89855F35199B2BC2006E5A14</string>
			<key>buildPhases</key>
			<array>
				<string>89855F1D199B2BC2006E5A14</string>
				<string>89855F1E199B2BC2006E5A14</string>
				<string>89855F1F199B2BC2006E5A14</string>
			</array>
			<key>buildRules</key>
			<array/>
			<key>dependencies</key>
			<array>
				<string>89855F27199B2BC2006E5A14</string>
			</array>
			<key>isa</key>
			<string>PBXNativeTarget</string>
			<key>name</key>
			<string>KTPTests</string>
			<key>productName</key>
			<string>KTPTests</string>
			<key>productReference</key>
			<string>89855F21199B2BC2006E5A14</string>
			<key>productType</key>
			<string>com.apple.product-type.bundle.unit-test</string>
		</dict>
		<key>89855F21199B2BC2006E5A14</key>
		<dict>
			<key>explicitFileType</key>
			<string>wrapper.cfbundle</string>
			<key>includeInIndex</key>
			<string>0</string>
			<key>isa</key>
			<string>PBXFileReference</string>
			<key>path</key>
			<string>KTPTests.xctest</string>
			<key>sourceTree</key>
			<string>BUILT_PRODUCTS_DIR</string>
		</dict>
		<key>89855F22199B2BC2006E5A14</key>
		<dict>
			<key>isa</key>
			<string>PBXFileReference</string>
			<key>lastKnownFileType</key>
			<string>wrapper.framework</string>
			<key>name</key>
			<string>XCTest.framework</string>
			<key>path</key>
			<string>Library/Frameworks/XCTest.framework</string>
			<key>sourceTree</key>
			<string>DEVELOPER_DIR</string>
		</dict>
		<key>89855F23199B2BC2006E5A14</key>
		<dict>
			<key>fileRef</key>
			<string>89855F22199B2BC2006E5A14</string>
			<key>isa</key>
			<string>PBXBuildFile</string>
		</dict>
		<key>89855F24199B2BC2006E5A14</key>
		<dict>
			<key>fileRef</key>
			<string>89855F09199B2BC2006E5A14</string>
			<key>isa</key>
			<string>PBXBuildFile</string>
		</dict>
		<key>89855F25199B2BC2006E5A14</key>
		<dict>
			<key>fileRef</key>
			<string>89855F0D199B2BC2006E5A14</string>
			<key>isa</key>
			<string>PBXBuildFile</string>
		</dict>
		<key>89855F26199B2BC2006E5A14</key>
		<dict>
			<key>containerPortal</key>
			<string>89855EFE199B2BC2006E5A14</string>
			<key>isa</key>
			<string>PBXContainerItemProxy</string>
			<key>proxyType</key>
			<string>1</string>
			<key>remoteGlobalIDString</key>
			<string>89855F05199B2BC2006E5A14</string>
			<key>remoteInfo</key>
			<string>KTP</string>
		</dict>
		<key>89855F27199B2BC2006E5A14</key>
		<dict>
			<key>isa</key>
			<string>PBXTargetDependency</string>
			<key>target</key>
			<string>89855F05199B2BC2006E5A14</string>
			<key>targetProxy</key>
			<string>89855F26199B2BC2006E5A14</string>
		</dict>
		<key>89855F28199B2BC2006E5A14</key>
		<dict>
			<key>children</key>
			<array>
				<string>89855F2E199B2BC2006E5A14</string>
				<string>89855F29199B2BC2006E5A14</string>
			</array>
			<key>isa</key>
			<string>PBXGroup</string>
			<key>path</key>
			<string>KTPTests</string>
			<key>sourceTree</key>
			<string>&lt;group&gt;</string>
		</dict>
		<key>89855F29199B2BC2006E5A14</key>
		<dict>
			<key>children</key>
			<array>
				<string>89855F2A199B2BC2006E5A14</string>
				<string>89855F2B199B2BC2006E5A14</string>
			</array>
			<key>isa</key>
			<string>PBXGroup</string>
			<key>name</key>
			<string>Supporting Files</string>
			<key>sourceTree</key>
			<string>&lt;group&gt;</string>
		</dict>
		<key>89855F2A199B2BC2006E5A14</key>
		<dict>
			<key>isa</key>
			<string>PBXFileReference</string>
			<key>lastKnownFileType</key>
			<string>text.plist.xml</string>
			<key>path</key>
			<string>KTPTests-Info.plist</string>
			<key>sourceTree</key>
			<string>&lt;group&gt;</string>
		</dict>
		<key>89855F2B199B2BC2006E5A14</key>
		<dict>
			<key>children</key>
			<array>
				<string>89855F2C199B2BC2006E5A14</string>
			</array>
			<key>isa</key>
			<string>PBXVariantGroup</string>
			<key>name</key>
			<string>InfoPlist.strings</string>
			<key>sourceTree</key>
			<string>&lt;group&gt;</string>
		</dict>
		<key>89855F2C199B2BC2006E5A14</key>
		<dict>
			<key>isa</key>
			<string>PBXFileReference</string>
			<key>lastKnownFileType</key>
			<string>text.plist.strings</string>
			<key>name</key>
			<string>en</string>
			<key>path</key>
			<string>en.lproj/InfoPlist.strings</string>
			<key>sourceTree</key>
			<string>&lt;group&gt;</string>
		</dict>
		<key>89855F2D199B2BC2006E5A14</key>
		<dict>
			<key>fileRef</key>
			<string>89855F2B199B2BC2006E5A14</string>
			<key>isa</key>
			<string>PBXBuildFile</string>
		</dict>
		<key>89855F2E199B2BC2006E5A14</key>
		<dict>
			<key>isa</key>
			<string>PBXFileReference</string>
			<key>lastKnownFileType</key>
			<string>sourcecode.c.objc</string>
			<key>path</key>
			<string>KTPTests.m</string>
			<key>sourceTree</key>
			<string>&lt;group&gt;</string>
		</dict>
		<key>89855F2F199B2BC2006E5A14</key>
		<dict>
			<key>fileRef</key>
			<string>89855F2E199B2BC2006E5A14</string>
			<key>isa</key>
			<string>PBXBuildFile</string>
		</dict>
		<key>89855F30199B2BC2006E5A14</key>
		<dict>
			<key>buildSettings</key>
			<dict>
				<key>ALWAYS_SEARCH_USER_PATHS</key>
				<string>NO</string>
				<key>CLANG_CXX_LANGUAGE_STANDARD</key>
				<string>gnu++0x</string>
				<key>CLANG_CXX_LIBRARY</key>
				<string>libc++</string>
				<key>CLANG_ENABLE_MODULES</key>
				<string>YES</string>
				<key>CLANG_ENABLE_OBJC_ARC</key>
				<string>YES</string>
				<key>CLANG_WARN_BOOL_CONVERSION</key>
				<string>YES</string>
				<key>CLANG_WARN_CONSTANT_CONVERSION</key>
				<string>YES</string>
				<key>CLANG_WARN_DIRECT_OBJC_ISA_USAGE</key>
				<string>YES_ERROR</string>
				<key>CLANG_WARN_EMPTY_BODY</key>
				<string>YES</string>
				<key>CLANG_WARN_ENUM_CONVERSION</key>
				<string>YES</string>
				<key>CLANG_WARN_INT_CONVERSION</key>
				<string>YES</string>
				<key>CLANG_WARN_OBJC_ROOT_CLASS</key>
				<string>YES_ERROR</string>
				<key>CLANG_WARN__DUPLICATE_METHOD_MATCH</key>
				<string>YES</string>
				<key>CODE_SIGN_IDENTITY[sdk=iphoneos*]</key>
				<string>iPhone Developer</string>
				<key>COPY_PHASE_STRIP</key>
				<string>NO</string>
				<key>GCC_C_LANGUAGE_STANDARD</key>
				<string>gnu99</string>
				<key>GCC_DYNAMIC_NO_PIC</key>
				<string>NO</string>
				<key>GCC_OPTIMIZATION_LEVEL</key>
				<string>0</string>
				<key>GCC_PREPROCESSOR_DEFINITIONS</key>
				<array>
					<string>DEBUG=1</string>
					<string>$(inherited)</string>
				</array>
				<key>GCC_SYMBOLS_PRIVATE_EXTERN</key>
				<string>NO</string>
				<key>GCC_WARN_64_TO_32_BIT_CONVERSION</key>
				<string>YES</string>
				<key>GCC_WARN_ABOUT_RETURN_TYPE</key>
				<string>YES_ERROR</string>
				<key>GCC_WARN_UNDECLARED_SELECTOR</key>
				<string>YES</string>
				<key>GCC_WARN_UNINITIALIZED_AUTOS</key>
				<string>YES_AGGRESSIVE</string>
				<key>GCC_WARN_UNUSED_FUNCTION</key>
				<string>YES</string>
				<key>GCC_WARN_UNUSED_VARIABLE</key>
				<string>YES</string>
				<key>IPHONEOS_DEPLOYMENT_TARGET</key>
				<string>7.1</string>
				<key>ONLY_ACTIVE_ARCH</key>
				<string>YES</string>
				<key>SDKROOT</key>
				<string>iphoneos</string>
				<key>TARGETED_DEVICE_FAMILY</key>
				<string>1,2</string>
			</dict>
			<key>isa</key>
			<string>XCBuildConfiguration</string>
			<key>name</key>
			<string>Debug</string>
		</dict>
		<key>89855F31199B2BC2006E5A14</key>
		<dict>
			<key>buildSettings</key>
			<dict>
				<key>ALWAYS_SEARCH_USER_PATHS</key>
				<string>NO</string>
				<key>CLANG_CXX_LANGUAGE_STANDARD</key>
				<string>gnu++0x</string>
				<key>CLANG_CXX_LIBRARY</key>
				<string>libc++</string>
				<key>CLANG_ENABLE_MODULES</key>
				<string>YES</string>
				<key>CLANG_ENABLE_OBJC_ARC</key>
				<string>YES</string>
				<key>CLANG_WARN_BOOL_CONVERSION</key>
				<string>YES</string>
				<key>CLANG_WARN_CONSTANT_CONVERSION</key>
				<string>YES</string>
				<key>CLANG_WARN_DIRECT_OBJC_ISA_USAGE</key>
				<string>YES_ERROR</string>
				<key>CLANG_WARN_EMPTY_BODY</key>
				<string>YES</string>
				<key>CLANG_WARN_ENUM_CONVERSION</key>
				<string>YES</string>
				<key>CLANG_WARN_INT_CONVERSION</key>
				<string>YES</string>
				<key>CLANG_WARN_OBJC_ROOT_CLASS</key>
				<string>YES_ERROR</string>
				<key>CLANG_WARN__DUPLICATE_METHOD_MATCH</key>
				<string>YES</string>
				<key>CODE_SIGN_IDENTITY[sdk=iphoneos*]</key>
				<string>iPhone Developer</string>
				<key>COPY_PHASE_STRIP</key>
				<string>YES</string>
				<key>ENABLE_NS_ASSERTIONS</key>
				<string>NO</string>
				<key>GCC_C_LANGUAGE_STANDARD</key>
				<string>gnu99</string>
				<key>GCC_WARN_64_TO_32_BIT_CONVERSION</key>
				<string>YES</string>
				<key>GCC_WARN_ABOUT_RETURN_TYPE</key>
				<string>YES_ERROR</string>
				<key>GCC_WARN_UNDECLARED_SELECTOR</key>
				<string>YES</string>
				<key>GCC_WARN_UNINITIALIZED_AUTOS</key>
				<string>YES_AGGRESSIVE</string>
				<key>GCC_WARN_UNUSED_FUNCTION</key>
				<string>YES</string>
				<key>GCC_WARN_UNUSED_VARIABLE</key>
				<string>YES</string>
				<key>IPHONEOS_DEPLOYMENT_TARGET</key>
				<string>7.1</string>
				<key>SDKROOT</key>
				<string>iphoneos</string>
				<key>TARGETED_DEVICE_FAMILY</key>
				<string>1,2</string>
				<key>VALIDATE_PRODUCT</key>
				<string>YES</string>
			</dict>
			<key>isa</key>
			<string>XCBuildConfiguration</string>
			<key>name</key>
			<string>Release</string>
		</dict>
		<key>89855F32199B2BC2006E5A14</key>
		<dict>
			<key>buildConfigurations</key>
			<array>
				<string>89855F33199B2BC2006E5A14</string>
				<string>89855F34199B2BC2006E5A14</string>
			</array>
			<key>defaultConfigurationIsVisible</key>
			<string>0</string>
			<key>defaultConfigurationName</key>
			<string>Release</string>
			<key>isa</key>
			<string>XCConfigurationList</string>
		</dict>
		<key>89855F33199B2BC2006E5A14</key>
		<dict>
			<key>buildSettings</key>
			<dict>
				<key>ASSETCATALOG_COMPILER_APPICON_NAME</key>
				<string>AppIcon</string>
				<key>ASSETCATALOG_COMPILER_LAUNCHIMAGE_NAME</key>
				<string>LaunchImage</string>
				<key>GCC_PRECOMPILE_PREFIX_HEADER</key>
				<string>YES</string>
				<key>GCC_PREFIX_HEADER</key>
				<string>KTP/KTP-Prefix.pch</string>
				<key>INFOPLIST_FILE</key>
				<string>KTP/KTP-Info.plist</string>
				<key>PRODUCT_NAME</key>
				<string>$(TARGET_NAME)</string>
				<key>WRAPPER_EXTENSION</key>
				<string>app</string>
			</dict>
			<key>isa</key>
			<string>XCBuildConfiguration</string>
			<key>name</key>
			<string>Debug</string>
		</dict>
		<key>89855F34199B2BC2006E5A14</key>
		<dict>
			<key>buildSettings</key>
			<dict>
				<key>ASSETCATALOG_COMPILER_APPICON_NAME</key>
				<string>AppIcon</string>
				<key>ASSETCATALOG_COMPILER_LAUNCHIMAGE_NAME</key>
				<string>LaunchImage</string>
				<key>GCC_PRECOMPILE_PREFIX_HEADER</key>
				<string>YES</string>
				<key>GCC_PREFIX_HEADER</key>
				<string>KTP/KTP-Prefix.pch</string>
				<key>INFOPLIST_FILE</key>
				<string>KTP/KTP-Info.plist</string>
				<key>PRODUCT_NAME</key>
				<string>$(TARGET_NAME)</string>
				<key>WRAPPER_EXTENSION</key>
				<string>app</string>
			</dict>
			<key>isa</key>
			<string>XCBuildConfiguration</string>
			<key>name</key>
			<string>Release</string>
		</dict>
		<key>89855F35199B2BC2006E5A14</key>
		<dict>
			<key>buildConfigurations</key>
			<array>
				<string>89855F36199B2BC2006E5A14</string>
				<string>89855F37199B2BC2006E5A14</string>
			</array>
			<key>defaultConfigurationIsVisible</key>
			<string>0</string>
			<key>defaultConfigurationName</key>
			<string>Release</string>
			<key>isa</key>
			<string>XCConfigurationList</string>
		</dict>
		<key>89855F36199B2BC2006E5A14</key>
		<dict>
			<key>buildSettings</key>
			<dict>
				<key>BUNDLE_LOADER</key>
				<string>$(BUILT_PRODUCTS_DIR)/KTP.app/KTP</string>
				<key>FRAMEWORK_SEARCH_PATHS</key>
				<array>
					<string>$(SDKROOT)/Developer/Library/Frameworks</string>
					<string>$(inherited)</string>
					<string>$(DEVELOPER_FRAMEWORKS_DIR)</string>
				</array>
				<key>GCC_PRECOMPILE_PREFIX_HEADER</key>
				<string>YES</string>
				<key>GCC_PREFIX_HEADER</key>
				<string>KTP/KTP-Prefix.pch</string>
				<key>GCC_PREPROCESSOR_DEFINITIONS</key>
				<array>
					<string>DEBUG=1</string>
					<string>$(inherited)</string>
				</array>
				<key>INFOPLIST_FILE</key>
				<string>KTPTests/KTPTests-Info.plist</string>
				<key>PRODUCT_NAME</key>
				<string>$(TARGET_NAME)</string>
				<key>TEST_HOST</key>
				<string>$(BUNDLE_LOADER)</string>
				<key>WRAPPER_EXTENSION</key>
				<string>xctest</string>
			</dict>
			<key>isa</key>
			<string>XCBuildConfiguration</string>
			<key>name</key>
			<string>Debug</string>
		</dict>
		<key>89855F37199B2BC2006E5A14</key>
		<dict>
			<key>buildSettings</key>
			<dict>
				<key>BUNDLE_LOADER</key>
				<string>$(BUILT_PRODUCTS_DIR)/KTP.app/KTP</string>
				<key>FRAMEWORK_SEARCH_PATHS</key>
				<array>
					<string>$(SDKROOT)/Developer/Library/Frameworks</string>
					<string>$(inherited)</string>
					<string>$(DEVELOPER_FRAMEWORKS_DIR)</string>
				</array>
				<key>GCC_PRECOMPILE_PREFIX_HEADER</key>
				<string>YES</string>
				<key>GCC_PREFIX_HEADER</key>
				<string>KTP/KTP-Prefix.pch</string>
				<key>INFOPLIST_FILE</key>
				<string>KTPTests/KTPTests-Info.plist</string>
				<key>PRODUCT_NAME</key>
				<string>$(TARGET_NAME)</string>
				<key>TEST_HOST</key>
				<string>$(BUNDLE_LOADER)</string>
				<key>WRAPPER_EXTENSION</key>
				<string>xctest</string>
			</dict>
			<key>isa</key>
			<string>XCBuildConfiguration</string>
			<key>name</key>
			<string>Release</string>
		</dict>
		<key>89A1553B19AE598A00DE7346</key>
		<dict>
			<key>children</key>
			<array>
				<string>897E8F0E19AE4D3D001C849F</string>
				<string>897E8F0F19AE4D3D001C849F</string>
			</array>
			<key>isa</key>
			<string>PBXGroup</string>
			<key>name</key>
			<string>LoginView</string>
			<key>sourceTree</key>
			<string>&lt;group&gt;</string>
		</dict>
		<key>89A1553C19AE599400DE7346</key>
		<dict>
			<key>children</key>
			<array>
				<string>89581FB0199C65B90033B5A4</string>
				<string>89581FB1199C65B90033B5A4</string>
				<string>89581F71199B33100033B5A4</string>
				<string>89581F72199B33100033B5A4</string>
			</array>
			<key>isa</key>
			<string>PBXGroup</string>
			<key>name</key>
			<string>RequirementsView</string>
			<key>sourceTree</key>
			<string>&lt;group&gt;</string>
		</dict>
		<key>A80943611A6EEE3600B03647</key>
		<dict>
			<key>fileEncoding</key>
			<string>4</string>
			<key>isa</key>
			<string>PBXFileReference</string>
			<key>lastKnownFileType</key>
			<string>sourcecode.c.h</string>
			<key>path</key>
			<string>KTPRootViewController.h</string>
			<key>sourceTree</key>
			<string>&lt;group&gt;</string>
		</dict>
		<key>A80943621A6EEE3600B03647</key>
		<dict>
			<key>fileEncoding</key>
			<string>4</string>
			<key>isa</key>
			<string>PBXFileReference</string>
			<key>lastKnownFileType</key>
			<string>sourcecode.c.objc</string>
			<key>path</key>
			<string>KTPRootViewController.m</string>
			<key>sourceTree</key>
			<string>&lt;group&gt;</string>
		</dict>
		<key>A80943631A6EEE3600B03647</key>
		<dict>
			<key>fileRef</key>
			<string>A80943621A6EEE3600B03647</string>
			<key>isa</key>
			<string>PBXBuildFile</string>
		</dict>
		<key>A80943641A6EEF3600B03647</key>
		<dict>
			<key>fileEncoding</key>
			<string>4</string>
			<key>isa</key>
			<string>PBXFileReference</string>
			<key>lastKnownFileType</key>
			<string>sourcecode.c.h</string>
			<key>path</key>
			<string>KTPSlideMenuViewController.h</string>
			<key>sourceTree</key>
			<string>&lt;group&gt;</string>
		</dict>
		<key>A80943651A6EEF3600B03647</key>
		<dict>
			<key>fileEncoding</key>
			<string>4</string>
			<key>isa</key>
			<string>PBXFileReference</string>
			<key>lastKnownFileType</key>
			<string>sourcecode.c.objc</string>
			<key>path</key>
			<string>KTPSlideMenuViewController.m</string>
			<key>sourceTree</key>
			<string>&lt;group&gt;</string>
		</dict>
		<key>A80943661A6EEF3600B03647</key>
		<dict>
			<key>fileRef</key>
			<string>A80943651A6EEF3600B03647</string>
			<key>isa</key>
			<string>PBXBuildFile</string>
		</dict>
		<key>A80943671A6EEF7400B03647</key>
		<dict>
			<key>children</key>
			<array>
				<string>A80943641A6EEF3600B03647</string>
				<string>A80943651A6EEF3600B03647</string>
				<string>A80943681A6EF5CD00B03647</string>
				<string>A80943691A6EF5CD00B03647</string>
				<string>A809436B1A6EF98600B03647</string>
				<string>A809436C1A6EF98600B03647</string>
			</array>
			<key>isa</key>
			<string>PBXGroup</string>
			<key>name</key>
			<string>MenuView</string>
			<key>sourceTree</key>
			<string>&lt;group&gt;</string>
		</dict>
		<key>A80943681A6EF5CD00B03647</key>
		<dict>
			<key>fileEncoding</key>
			<string>4</string>
			<key>isa</key>
			<string>PBXFileReference</string>
			<key>lastKnownFileType</key>
			<string>sourcecode.c.h</string>
			<key>path</key>
			<string>KTPSlideMenuDataSource.h</string>
			<key>sourceTree</key>
			<string>&lt;group&gt;</string>
		</dict>
		<key>A80943691A6EF5CD00B03647</key>
		<dict>
			<key>fileEncoding</key>
			<string>4</string>
			<key>isa</key>
			<string>PBXFileReference</string>
			<key>lastKnownFileType</key>
			<string>sourcecode.c.objc</string>
			<key>path</key>
			<string>KTPSlideMenuDataSource.m</string>
			<key>sourceTree</key>
			<string>&lt;group&gt;</string>
		</dict>
		<key>A809436A1A6EF5CD00B03647</key>
		<dict>
			<key>fileRef</key>
			<string>A80943691A6EF5CD00B03647</string>
			<key>isa</key>
			<string>PBXBuildFile</string>
		</dict>
		<key>A809436B1A6EF98600B03647</key>
		<dict>
			<key>fileEncoding</key>
			<string>4</string>
			<key>isa</key>
			<string>PBXFileReference</string>
			<key>lastKnownFileType</key>
			<string>sourcecode.c.h</string>
			<key>path</key>
			<string>KTPSlideMenuCell.h</string>
			<key>sourceTree</key>
			<string>&lt;group&gt;</string>
		</dict>
		<key>A809436C1A6EF98600B03647</key>
		<dict>
			<key>fileEncoding</key>
			<string>4</string>
			<key>isa</key>
			<string>PBXFileReference</string>
			<key>lastKnownFileType</key>
			<string>sourcecode.c.objc</string>
			<key>path</key>
			<string>KTPSlideMenuCell.m</string>
			<key>sourceTree</key>
			<string>&lt;group&gt;</string>
		</dict>
		<key>A809436D1A6EF98600B03647</key>
		<dict>
			<key>fileRef</key>
			<string>A809436C1A6EF98600B03647</string>
			<key>isa</key>
			<string>PBXBuildFile</string>
		</dict>
		<key>A87303961A6F18850062B072</key>
		<dict>
			<key>fileEncoding</key>
			<string>4</string>
			<key>isa</key>
			<string>PBXFileReference</string>
			<key>lastKnownFileType</key>
			<string>sourcecode.c.h</string>
			<key>path</key>
			<string>KTPMembersDataSource.h</string>
			<key>sourceTree</key>
			<string>&lt;group&gt;</string>
		</dict>
		<key>A87303971A6F18850062B072</key>
		<dict>
			<key>fileEncoding</key>
			<string>4</string>
			<key>isa</key>
			<string>PBXFileReference</string>
			<key>lastKnownFileType</key>
			<string>sourcecode.c.objc</string>
			<key>path</key>
			<string>KTPMembersDataSource.m</string>
			<key>sourceTree</key>
			<string>&lt;group&gt;</string>
		</dict>
		<key>A87303981A6F18850062B072</key>
		<dict>
			<key>fileRef</key>
			<string>A87303971A6F18850062B072</string>
			<key>isa</key>
			<string>PBXBuildFile</string>
		</dict>
		<key>A873039B1A7199560062B072</key>
		<dict>
			<key>fileEncoding</key>
			<string>4</string>
			<key>isa</key>
			<string>PBXFileReference</string>
			<key>lastKnownFileType</key>
			<string>sourcecode.c.h</string>
			<key>path</key>
			<string>KTPSMembers.h</string>
			<key>sourceTree</key>
			<string>&lt;group&gt;</string>
		</dict>
		<key>A873039C1A7199560062B072</key>
		<dict>
			<key>fileEncoding</key>
			<string>4</string>
			<key>isa</key>
			<string>PBXFileReference</string>
			<key>lastKnownFileType</key>
			<string>sourcecode.c.objc</string>
			<key>path</key>
			<string>KTPSMembers.m</string>
			<key>sourceTree</key>
			<string>&lt;group&gt;</string>
		</dict>
		<key>A873039D1A7199560062B072</key>
		<dict>
			<key>fileRef</key>
			<string>A873039C1A7199560062B072</string>
			<key>isa</key>
			<string>PBXBuildFile</string>
		</dict>
		<key>A873039E1A71AE820062B072</key>
		<dict>
			<key>children</key>
			<array>
				<string>A873039B1A7199560062B072</string>
				<string>A873039C1A7199560062B072</string>
				<string>A8C1DAFF1A15ADF700298FF9</string>
				<string>A8C1DB001A15ADF700298FF9</string>
			</array>
			<key>isa</key>
			<string>PBXGroup</string>
			<key>name</key>
			<string>Members</string>
			<key>sourceTree</key>
			<string>&lt;group&gt;</string>
		</dict>
		<key>A873039F1A72C2A80062B072</key>
		<dict>
			<key>fileEncoding</key>
			<string>4</string>
			<key>isa</key>
			<string>PBXFileReference</string>
			<key>lastKnownFileType</key>
			<string>sourcecode.c.h</string>
			<key>path</key>
			<string>KTPConstants.h</string>
			<key>sourceTree</key>
			<string>&lt;group&gt;</string>
		</dict>
		<key>A87303A01A72C2A80062B072</key>
		<dict>
			<key>fileEncoding</key>
			<string>4</string>
			<key>isa</key>
			<string>PBXFileReference</string>
			<key>lastKnownFileType</key>
			<string>sourcecode.c.objc</string>
			<key>path</key>
			<string>KTPConstants.m</string>
			<key>sourceTree</key>
			<string>&lt;group&gt;</string>
		</dict>
		<key>A87303A11A72C2A80062B072</key>
		<dict>
			<key>fileRef</key>
			<string>A87303A01A72C2A80062B072</string>
			<key>isa</key>
			<string>PBXBuildFile</string>
		</dict>
		<key>A87303A21A73AD200062B072</key>
		<dict>
			<key>fileEncoding</key>
			<string>4</string>
			<key>isa</key>
			<string>PBXFileReference</string>
			<key>lastKnownFileType</key>
			<string>sourcecode.c.h</string>
			<key>path</key>
			<string>KTPProfileViewController.h</string>
			<key>sourceTree</key>
			<string>&lt;group&gt;</string>
		</dict>
		<key>A87303A31A73AD200062B072</key>
		<dict>
			<key>fileEncoding</key>
			<string>4</string>
			<key>isa</key>
			<string>PBXFileReference</string>
			<key>lastKnownFileType</key>
			<string>sourcecode.c.objc</string>
			<key>path</key>
			<string>KTPProfileViewController.m</string>
			<key>sourceTree</key>
			<string>&lt;group&gt;</string>
		</dict>
		<key>A87303A41A73AD200062B072</key>
		<dict>
			<key>fileRef</key>
			<string>A87303A31A73AD200062B072</string>
			<key>isa</key>
			<string>PBXBuildFile</string>
		</dict>
		<key>A87303A51A73AD260062B072</key>
		<dict>
			<key>children</key>
			<array>
				<string>A87303A21A73AD200062B072</string>
				<string>A87303A31A73AD200062B072</string>
			</array>
			<key>isa</key>
			<string>PBXGroup</string>
			<key>name</key>
			<string>ProfileView</string>
			<key>sourceTree</key>
			<string>&lt;group&gt;</string>
		</dict>
		<key>A8C1DAF81A15AD5200298FF9</key>
		<dict>
			<key>children</key>
			<array>
				<string>A8C1DAFC1A15ADA300298FF9</string>
				<string>A8C1DAFD1A15ADA300298FF9</string>
				<string>A87303961A6F18850062B072</string>
				<string>A87303971A6F18850062B072</string>
				<string>A87303A51A73AD260062B072</string>
			</array>
			<key>isa</key>
			<string>PBXGroup</string>
			<key>name</key>
			<string>MembersView</string>
			<key>sourceTree</key>
			<string>&lt;group&gt;</string>
		</dict>
		<key>A8C1DAFC1A15ADA300298FF9</key>
		<dict>
			<key>fileEncoding</key>
			<string>4</string>
			<key>isa</key>
			<string>PBXFileReference</string>
			<key>lastKnownFileType</key>
			<string>sourcecode.c.h</string>
			<key>path</key>
			<string>KTPMembersViewController.h</string>
			<key>sourceTree</key>
			<string>&lt;group&gt;</string>
		</dict>
		<key>A8C1DAFD1A15ADA300298FF9</key>
		<dict>
			<key>fileEncoding</key>
			<string>4</string>
			<key>isa</key>
			<string>PBXFileReference</string>
			<key>lastKnownFileType</key>
			<string>sourcecode.c.objc</string>
			<key>path</key>
			<string>KTPMembersViewController.m</string>
			<key>sourceTree</key>
			<string>&lt;group&gt;</string>
		</dict>
		<key>A8C1DAFE1A15ADA300298FF9</key>
		<dict>
			<key>fileRef</key>
			<string>A8C1DAFD1A15ADA300298FF9</string>
			<key>isa</key>
			<string>PBXBuildFile</string>
		</dict>
		<key>A8C1DAFF1A15ADF700298FF9</key>
		<dict>
			<key>fileEncoding</key>
			<string>4</string>
			<key>isa</key>
			<string>PBXFileReference</string>
			<key>lastKnownFileType</key>
			<string>sourcecode.c.h</string>
			<key>path</key>
			<string>KTPMember.h</string>
			<key>sourceTree</key>
			<string>&lt;group&gt;</string>
		</dict>
		<key>A8C1DB001A15ADF700298FF9</key>
		<dict>
			<key>fileEncoding</key>
			<string>4</string>
			<key>isa</key>
			<string>PBXFileReference</string>
			<key>lastKnownFileType</key>
			<string>sourcecode.c.objc</string>
			<key>path</key>
			<string>KTPMember.m</string>
			<key>sourceTree</key>
			<string>&lt;group&gt;</string>
		</dict>
		<key>A8C1DB011A15ADF700298FF9</key>
		<dict>
			<key>fileRef</key>
			<string>A8C1DB001A15ADF700298FF9</string>
			<key>isa</key>
			<string>PBXBuildFile</string>
		</dict>
	</dict>
	<key>rootObject</key>
	<string>89855EFE199B2BC2006E5A14</string>
</dict>
</plist>
