// !$*UTF8*$!
{
	archiveVersion = 1;
	classes = {
	};
	objectVersion = 46;
	objects = {

/* Begin PBXBuildFile section */
		842DF0861A932BB400846CCE /* KTPOptionSelectViewController.m in Sources */ = {isa = PBXBuildFile; fileRef = 842DF0851A932BB400846CCE /* KTPOptionSelectViewController.m */; };
		84380F971A919E9200A6A110 /* KTPPledgeMeetingsCell.swift in Sources */ = {isa = PBXBuildFile; fileRef = 84380F961A919E9200A6A110 /* KTPPledgeMeetingsCell.swift */; };
		84B3FCE61A99047700D694E3 /* KTPEditPledgeTaskViewController.m in Sources */ = {isa = PBXBuildFile; fileRef = 84B3FCE51A99047700D694E3 /* KTPEditPledgeTaskViewController.m */; };
		89581F6F199B2E230033B5A4 /* KTPBlockView.m in Sources */ = {isa = PBXBuildFile; fileRef = 89581F67199B2E230033B5A4 /* KTPBlockView.m */; };
		89581F70199B2E230033B5A4 /* UIColor+KTPColors.m in Sources */ = {isa = PBXBuildFile; fileRef = 89581F69199B2E230033B5A4 /* UIColor+KTPColors.m */; };
		89581F73199B33100033B5A4 /* KTPRequirementsViewController.m in Sources */ = {isa = PBXBuildFile; fileRef = 89581F72199B33100033B5A4 /* KTPRequirementsViewController.m */; };
		89581FB2199C65B90033B5A4 /* KTPRequirementsDataSource.m in Sources */ = {isa = PBXBuildFile; fileRef = 89581FB1199C65B90033B5A4 /* KTPRequirementsDataSource.m */; };
		897E8F0A19AE477C001C849F /* KTPTextField.m in Sources */ = {isa = PBXBuildFile; fileRef = 897E8F0919AE477C001C849F /* KTPTextField.m */; };
		897E8F1019AE4D3D001C849F /* KTPLoginViewController.m in Sources */ = {isa = PBXBuildFile; fileRef = 897E8F0F19AE4D3D001C849F /* KTPLoginViewController.m */; };
		897E8F1619AE51FB001C849F /* KTPAnnouncementsViewController.m in Sources */ = {isa = PBXBuildFile; fileRef = 897E8F1519AE51FB001C849F /* KTPAnnouncementsViewController.m */; };
		897E8F1919AE544F001C849F /* KTPSUser.m in Sources */ = {isa = PBXBuildFile; fileRef = 897E8F1819AE544F001C849F /* KTPSUser.m */; };
		89855F0A199B2BC2006E5A14 /* Foundation.framework in Frameworks */ = {isa = PBXBuildFile; fileRef = 89855F09199B2BC2006E5A14 /* Foundation.framework */; };
		89855F0E199B2BC2006E5A14 /* UIKit.framework in Frameworks */ = {isa = PBXBuildFile; fileRef = 89855F0D199B2BC2006E5A14 /* UIKit.framework */; };
		89855F14199B2BC2006E5A14 /* InfoPlist.strings in Resources */ = {isa = PBXBuildFile; fileRef = 89855F12199B2BC2006E5A14 /* InfoPlist.strings */; };
		89855F16199B2BC2006E5A14 /* main.m in Sources */ = {isa = PBXBuildFile; fileRef = 89855F15199B2BC2006E5A14 /* main.m */; };
		89855F1A199B2BC2006E5A14 /* KTPAppDelegate.m in Sources */ = {isa = PBXBuildFile; fileRef = 89855F19199B2BC2006E5A14 /* KTPAppDelegate.m */; };
		89855F1C199B2BC2006E5A14 /* Images.xcassets in Resources */ = {isa = PBXBuildFile; fileRef = 89855F1B199B2BC2006E5A14 /* Images.xcassets */; };
		89855F23199B2BC2006E5A14 /* XCTest.framework in Frameworks */ = {isa = PBXBuildFile; fileRef = 89855F22199B2BC2006E5A14 /* XCTest.framework */; };
		89855F24199B2BC2006E5A14 /* Foundation.framework in Frameworks */ = {isa = PBXBuildFile; fileRef = 89855F09199B2BC2006E5A14 /* Foundation.framework */; };
		89855F25199B2BC2006E5A14 /* UIKit.framework in Frameworks */ = {isa = PBXBuildFile; fileRef = 89855F0D199B2BC2006E5A14 /* UIKit.framework */; };
		89855F2D199B2BC2006E5A14 /* InfoPlist.strings in Resources */ = {isa = PBXBuildFile; fileRef = 89855F2B199B2BC2006E5A14 /* InfoPlist.strings */; };
		89855F2F199B2BC2006E5A14 /* KTPTests.m in Sources */ = {isa = PBXBuildFile; fileRef = 89855F2E199B2BC2006E5A14 /* KTPTests.m */; };
		8B0E2D651A92E6CA000D5177 /* KTPPledgeTaskViewController.m in Sources */ = {isa = PBXBuildFile; fileRef = 8B0E2D641A92E6CA000D5177 /* KTPPledgeTaskViewController.m */; };
		A80943631A6EEE3600B03647 /* KTPRootViewController.m in Sources */ = {isa = PBXBuildFile; fileRef = A80943621A6EEE3600B03647 /* KTPRootViewController.m */; };
		A80943661A6EEF3600B03647 /* KTPSlideMenuViewController.m in Sources */ = {isa = PBXBuildFile; fileRef = A80943651A6EEF3600B03647 /* KTPSlideMenuViewController.m */; };
		A809436D1A6EF98600B03647 /* KTPSlideMenuCell.m in Sources */ = {isa = PBXBuildFile; fileRef = A809436C1A6EF98600B03647 /* KTPSlideMenuCell.m */; };
		A83504971A7EE25A00644B2A /* KTPSPitches.m in Sources */ = {isa = PBXBuildFile; fileRef = A83504961A7EE25A00644B2A /* KTPSPitches.m */; };
		A835049A1A7FFA7900644B2A /* KTPSettingsDataSource.m in Sources */ = {isa = PBXBuildFile; fileRef = A83504991A7FFA7900644B2A /* KTPSettingsDataSource.m */; };
		A835049D1A8005AB00644B2A /* KTPChangePasswordViewController.m in Sources */ = {isa = PBXBuildFile; fileRef = A835049C1A8005AB00644B2A /* KTPChangePasswordViewController.m */; };
		A83504A01A807A5500644B2A /* KTPEditProfileViewController.m in Sources */ = {isa = PBXBuildFile; fileRef = A835049F1A807A5500644B2A /* KTPEditProfileViewController.m */; };
		A83504A31A81529E00644B2A /* KTPPitchesResultViewController.m in Sources */ = {isa = PBXBuildFile; fileRef = A83504A21A81529E00644B2A /* KTPPitchesResultViewController.m */; };
		A83504A61A81567E00644B2A /* KTPPitchesResultCell.m in Sources */ = {isa = PBXBuildFile; fileRef = A83504A51A81567E00644B2A /* KTPPitchesResultCell.m */; };
		A83504A91A81720E00644B2A /* KTPPitchesResultSortViewController.m in Sources */ = {isa = PBXBuildFile; fileRef = A83504A81A81720E00644B2A /* KTPPitchesResultSortViewController.m */; };
		A83504AC1A8577DF00644B2A /* KTPPledgeTasksViewController.m in Sources */ = {isa = PBXBuildFile; fileRef = A83504AB1A8577DF00644B2A /* KTPPledgeTasksViewController.m */; };
		A83504AF1A8577F200644B2A /* KTPPledgeMeetingsViewController.m in Sources */ = {isa = PBXBuildFile; fileRef = A83504AE1A8577F200644B2A /* KTPPledgeMeetingsViewController.m */; };
		A83504B61A85BC3A00644B2A /* KTPPledgeTask.m in Sources */ = {isa = PBXBuildFile; fileRef = A83504B51A85BC3A00644B2A /* KTPPledgeTask.m */; };
		A83504B91A85BC4A00644B2A /* KTPSPledgeTasks.m in Sources */ = {isa = PBXBuildFile; fileRef = A83504B81A85BC4A00644B2A /* KTPSPledgeTasks.m */; };
		A83504BC1A85BC6400644B2A /* KTPPledgeMeeting.m in Sources */ = {isa = PBXBuildFile; fileRef = A83504BB1A85BC6400644B2A /* KTPPledgeMeeting.m */; };
		A83504C51A86A31900644B2A /* KTPPledgeTasksCell.swift in Sources */ = {isa = PBXBuildFile; fileRef = A83504C41A86A31900644B2A /* KTPPledgeTasksCell.swift */; };
		A847A5201A9EBC990078C1DE /* KTPTextInputTableViewCell.m in Sources */ = {isa = PBXBuildFile; fileRef = A847A51F1A9EBC990078C1DE /* KTPTextInputTableViewCell.m */; };
		A847A5231A9F029E0078C1DE /* KTPPledgeOverviewViewController.m in Sources */ = {isa = PBXBuildFile; fileRef = A847A5221A9F029E0078C1DE /* KTPPledgeOverviewViewController.m */; };
		A873039D1A7199560062B072 /* KTPSMembers.m in Sources */ = {isa = PBXBuildFile; fileRef = A873039C1A7199560062B072 /* KTPSMembers.m */; };
		A87303A11A72C2A80062B072 /* KTPConstants.m in Sources */ = {isa = PBXBuildFile; fileRef = A87303A01A72C2A80062B072 /* KTPConstants.m */; };
		A87303A41A73AD200062B072 /* KTPProfileViewController.m in Sources */ = {isa = PBXBuildFile; fileRef = A87303A31A73AD200062B072 /* KTPProfileViewController.m */; };
		A883BE771A78E26300139232 /* NSString+KTPStrings.m in Sources */ = {isa = PBXBuildFile; fileRef = A883BE761A78E26300139232 /* NSString+KTPStrings.m */; };
		A883BE7A1A79715A00139232 /* KTPPitchesViewController.m in Sources */ = {isa = PBXBuildFile; fileRef = A883BE791A79715A00139232 /* KTPPitchesViewController.m */; };
		A883BE841A7AC2B300139232 /* KTPPitchesCell.m in Sources */ = {isa = PBXBuildFile; fileRef = A883BE831A7AC2B300139232 /* KTPPitchesCell.m */; };
		A883BE871A7AC74F00139232 /* KTPPitch.m in Sources */ = {isa = PBXBuildFile; fileRef = A883BE861A7AC74F00139232 /* KTPPitch.m */; };
		A883BE8A1A7AC85F00139232 /* KTPPitchVote.m in Sources */ = {isa = PBXBuildFile; fileRef = A883BE891A7AC85F00139232 /* KTPPitchVote.m */; };
		A883BE8D1A7ACEC800139232 /* KTPPitchVoteViewController.m in Sources */ = {isa = PBXBuildFile; fileRef = A883BE8C1A7ACEC800139232 /* KTPPitchVoteViewController.m */; };
		A883BE901A7AFE0D00139232 /* KTPPitchAddViewController.m in Sources */ = {isa = PBXBuildFile; fileRef = A883BE8F1A7AFE0D00139232 /* KTPPitchAddViewController.m */; };
		A8B2D64F1A7799E100039724 /* KTPSettingsViewController.m in Sources */ = {isa = PBXBuildFile; fileRef = A8B2D64E1A7799E100039724 /* KTPSettingsViewController.m */; };
		A8B2D6531A77F62100039724 /* KTPNetworking.m in Sources */ = {isa = PBXBuildFile; fileRef = A8B2D6521A77F62100039724 /* KTPNetworking.m */; };
		A8B2D6591A78386600039724 /* UIImage+KTPImages.m in Sources */ = {isa = PBXBuildFile; fileRef = A8B2D6581A78386600039724 /* UIImage+KTPImages.m */; };
		A8C1DAFE1A15ADA300298FF9 /* KTPMembersViewController.m in Sources */ = {isa = PBXBuildFile; fileRef = A8C1DAFD1A15ADA300298FF9 /* KTPMembersViewController.m */; };
		A8C1DB011A15ADF700298FF9 /* KTPMember.m in Sources */ = {isa = PBXBuildFile; fileRef = A8C1DB001A15ADF700298FF9 /* KTPMember.m */; };
		A8C6D05D1A745C7000B7CAC0 /* KTPMembersCell.m in Sources */ = {isa = PBXBuildFile; fileRef = A8C6D05C1A745C7000B7CAC0 /* KTPMembersCell.m */; };
		A8C6D0601A7745CC00B7CAC0 /* KTPPledgingViewController.m in Sources */ = {isa = PBXBuildFile; fileRef = A8C6D05F1A7745CC00B7CAC0 /* KTPPledgingViewController.m */; };
		A8D4486A1AA276820097BDEC /* KTPPieChart.m in Sources */ = {isa = PBXBuildFile; fileRef = A8D448691AA276820097BDEC /* KTPPieChart.m */; };
		A8D448E71AA52B090097BDEC /* MPPieLayer.m in Sources */ = {isa = PBXBuildFile; fileRef = A8D448E21AA52B090097BDEC /* MPPieLayer.m */; };
		A8D448E81AA52B090097BDEC /* MPPieElement.m in Sources */ = {isa = PBXBuildFile; fileRef = A8D448E51AA52B090097BDEC /* MPPieElement.m */; };
		A8D448E91AA52B090097BDEC /* NSMutableArray+MPMutableArray.m in Sources */ = {isa = PBXBuildFile; fileRef = A8D448E61AA52B090097BDEC /* NSMutableArray+MPMutableArray.m */; };
		A8F483E21A7D366600B17E7F /* KTPTextView.m in Sources */ = {isa = PBXBuildFile; fileRef = A8F483E11A7D366600B17E7F /* KTPTextView.m */; };
		A8F483E91A7D6F3000B17E7F /* UILabel+KTPLabel.m in Sources */ = {isa = PBXBuildFile; fileRef = A8F483E81A7D6F3000B17E7F /* UILabel+KTPLabel.m */; };
		BF29208E1A92F9BC00EFE46A /* KTPEditProfileTableItem.m in Sources */ = {isa = PBXBuildFile; fileRef = BF29208D1A92F9BC00EFE46A /* KTPEditProfileTableItem.m */; };
		BF2920911A93C6A300EFE46A /* KTPProfileFratInfoView.m in Sources */ = {isa = PBXBuildFile; fileRef = BF2920901A93C6A300EFE46A /* KTPProfileFratInfoView.m */; };
		BF2920941A93EA8100EFE46A /* KTPProfilePersonalInfoView.m in Sources */ = {isa = PBXBuildFile; fileRef = BF2920931A93EA8100EFE46A /* KTPProfilePersonalInfoView.m */; };
		BF2920971A93F90700EFE46A /* KTPProfileNameView.m in Sources */ = {isa = PBXBuildFile; fileRef = BF2920961A93F90700EFE46A /* KTPProfileNameView.m */; };
		BF29209A1A940C0600EFE46A /* KTPProfileBioView.m in Sources */ = {isa = PBXBuildFile; fileRef = BF2920991A940C0600EFE46A /* KTPProfileBioView.m */; };
		BF29209D1A94262F00EFE46A /* KTPProfileButtonsView.m in Sources */ = {isa = PBXBuildFile; fileRef = BF29209C1A94262F00EFE46A /* KTPProfileButtonsView.m */; };
		BF6478881A91964E00717ABE /* KTPEditProfileCell.m in Sources */ = {isa = PBXBuildFile; fileRef = BF6478871A91964E00717ABE /* KTPEditProfileCell.m */; };
		C6B8C8AF9F3F88C5FE6DDB97 /* libPods-KTP.a in Frameworks */ = {isa = PBXBuildFile; fileRef = E107C6DC1FF5353387CBC832 /* libPods-KTP.a */; };
/* End PBXBuildFile section */

/* Begin PBXContainerItemProxy section */
		89855F26199B2BC2006E5A14 /* PBXContainerItemProxy */ = {
			isa = PBXContainerItemProxy;
			containerPortal = 89855EFE199B2BC2006E5A14 /* Project object */;
			proxyType = 1;
			remoteGlobalIDString = 89855F05199B2BC2006E5A14;
			remoteInfo = KTP;
		};
/* End PBXContainerItemProxy section */

/* Begin PBXFileReference section */
		75A2B277C32F40D9CDD7CC7A /* Pods-KTP.release.xcconfig */ = {isa = PBXFileReference; includeInIndex = 1; lastKnownFileType = text.xcconfig; name = "Pods-KTP.release.xcconfig"; path = "Pods/Target Support Files/Pods-KTP/Pods-KTP.release.xcconfig"; sourceTree = "<group>"; };
		842DF0841A932BB400846CCE /* KTPOptionSelectViewController.h */ = {isa = PBXFileReference; fileEncoding = 4; lastKnownFileType = sourcecode.c.h; path = KTPOptionSelectViewController.h; sourceTree = "<group>"; };
		842DF0851A932BB400846CCE /* KTPOptionSelectViewController.m */ = {isa = PBXFileReference; fileEncoding = 4; lastKnownFileType = sourcecode.c.objc; path = KTPOptionSelectViewController.m; sourceTree = "<group>"; };
		84380F961A919E9200A6A110 /* KTPPledgeMeetingsCell.swift */ = {isa = PBXFileReference; fileEncoding = 4; lastKnownFileType = sourcecode.swift; path = KTPPledgeMeetingsCell.swift; sourceTree = "<group>"; };
		84B3FCE41A99047700D694E3 /* KTPEditPledgeTaskViewController.h */ = {isa = PBXFileReference; fileEncoding = 4; lastKnownFileType = sourcecode.c.h; path = KTPEditPledgeTaskViewController.h; sourceTree = "<group>"; };
		84B3FCE51A99047700D694E3 /* KTPEditPledgeTaskViewController.m */ = {isa = PBXFileReference; fileEncoding = 4; lastKnownFileType = sourcecode.c.objc; path = KTPEditPledgeTaskViewController.m; sourceTree = "<group>"; };
		89581F66199B2E230033B5A4 /* KTPBlockView.h */ = {isa = PBXFileReference; fileEncoding = 4; lastKnownFileType = sourcecode.c.h; path = KTPBlockView.h; sourceTree = "<group>"; };
		89581F67199B2E230033B5A4 /* KTPBlockView.m */ = {isa = PBXFileReference; fileEncoding = 4; lastKnownFileType = sourcecode.c.objc; path = KTPBlockView.m; sourceTree = "<group>"; };
		89581F68199B2E230033B5A4 /* UIColor+KTPColors.h */ = {isa = PBXFileReference; fileEncoding = 4; lastKnownFileType = sourcecode.c.h; path = "UIColor+KTPColors.h"; sourceTree = "<group>"; };
		89581F69199B2E230033B5A4 /* UIColor+KTPColors.m */ = {isa = PBXFileReference; fileEncoding = 4; lastKnownFileType = sourcecode.c.objc; path = "UIColor+KTPColors.m"; sourceTree = "<group>"; };
		89581F71199B33100033B5A4 /* KTPRequirementsViewController.h */ = {isa = PBXFileReference; fileEncoding = 4; lastKnownFileType = sourcecode.c.h; path = KTPRequirementsViewController.h; sourceTree = "<group>"; };
		89581F72199B33100033B5A4 /* KTPRequirementsViewController.m */ = {isa = PBXFileReference; fileEncoding = 4; lastKnownFileType = sourcecode.c.objc; path = KTPRequirementsViewController.m; sourceTree = "<group>"; };
		89581FB0199C65B90033B5A4 /* KTPRequirementsDataSource.h */ = {isa = PBXFileReference; fileEncoding = 4; lastKnownFileType = sourcecode.c.h; path = KTPRequirementsDataSource.h; sourceTree = "<group>"; };
		89581FB1199C65B90033B5A4 /* KTPRequirementsDataSource.m */ = {isa = PBXFileReference; fileEncoding = 4; lastKnownFileType = sourcecode.c.objc; path = KTPRequirementsDataSource.m; sourceTree = "<group>"; };
		897E8F0819AE477C001C849F /* KTPTextField.h */ = {isa = PBXFileReference; fileEncoding = 4; lastKnownFileType = sourcecode.c.h; path = KTPTextField.h; sourceTree = "<group>"; };
		897E8F0919AE477C001C849F /* KTPTextField.m */ = {isa = PBXFileReference; fileEncoding = 4; lastKnownFileType = sourcecode.c.objc; path = KTPTextField.m; sourceTree = "<group>"; };
		897E8F0E19AE4D3D001C849F /* KTPLoginViewController.h */ = {isa = PBXFileReference; fileEncoding = 4; lastKnownFileType = sourcecode.c.h; path = KTPLoginViewController.h; sourceTree = "<group>"; };
		897E8F0F19AE4D3D001C849F /* KTPLoginViewController.m */ = {isa = PBXFileReference; fileEncoding = 4; lastKnownFileType = sourcecode.c.objc; path = KTPLoginViewController.m; sourceTree = "<group>"; };
		897E8F1419AE51FB001C849F /* KTPAnnouncementsViewController.h */ = {isa = PBXFileReference; fileEncoding = 4; lastKnownFileType = sourcecode.c.h; path = KTPAnnouncementsViewController.h; sourceTree = "<group>"; };
		897E8F1519AE51FB001C849F /* KTPAnnouncementsViewController.m */ = {isa = PBXFileReference; fileEncoding = 4; lastKnownFileType = sourcecode.c.objc; path = KTPAnnouncementsViewController.m; sourceTree = "<group>"; };
		897E8F1719AE544F001C849F /* KTPSUser.h */ = {isa = PBXFileReference; fileEncoding = 4; lastKnownFileType = sourcecode.c.h; path = KTPSUser.h; sourceTree = "<group>"; };
		897E8F1819AE544F001C849F /* KTPSUser.m */ = {isa = PBXFileReference; fileEncoding = 4; lastKnownFileType = sourcecode.c.objc; lineEnding = 0; path = KTPSUser.m; sourceTree = "<group>"; xcLanguageSpecificationIdentifier = xcode.lang.objc; };
		89855F06199B2BC2006E5A14 /* KTP.app */ = {isa = PBXFileReference; explicitFileType = wrapper.application; includeInIndex = 0; path = KTP.app; sourceTree = BUILT_PRODUCTS_DIR; };
		89855F09199B2BC2006E5A14 /* Foundation.framework */ = {isa = PBXFileReference; lastKnownFileType = wrapper.framework; name = Foundation.framework; path = System/Library/Frameworks/Foundation.framework; sourceTree = SDKROOT; };
		89855F0B199B2BC2006E5A14 /* CoreGraphics.framework */ = {isa = PBXFileReference; lastKnownFileType = wrapper.framework; name = CoreGraphics.framework; path = System/Library/Frameworks/CoreGraphics.framework; sourceTree = SDKROOT; };
		89855F0D199B2BC2006E5A14 /* UIKit.framework */ = {isa = PBXFileReference; lastKnownFileType = wrapper.framework; name = UIKit.framework; path = System/Library/Frameworks/UIKit.framework; sourceTree = SDKROOT; };
		89855F11199B2BC2006E5A14 /* KTP-Info.plist */ = {isa = PBXFileReference; lastKnownFileType = text.plist.xml; path = "KTP-Info.plist"; sourceTree = "<group>"; };
		89855F13199B2BC2006E5A14 /* en */ = {isa = PBXFileReference; lastKnownFileType = text.plist.strings; name = en; path = en.lproj/InfoPlist.strings; sourceTree = "<group>"; };
		89855F15199B2BC2006E5A14 /* main.m */ = {isa = PBXFileReference; lastKnownFileType = sourcecode.c.objc; path = main.m; sourceTree = "<group>"; };
		89855F17199B2BC2006E5A14 /* KTP-Prefix.pch */ = {isa = PBXFileReference; lastKnownFileType = sourcecode.c.h; path = "KTP-Prefix.pch"; sourceTree = "<group>"; };
		89855F18199B2BC2006E5A14 /* KTPAppDelegate.h */ = {isa = PBXFileReference; lastKnownFileType = sourcecode.c.h; path = KTPAppDelegate.h; sourceTree = "<group>"; };
		89855F19199B2BC2006E5A14 /* KTPAppDelegate.m */ = {isa = PBXFileReference; lastKnownFileType = sourcecode.c.objc; path = KTPAppDelegate.m; sourceTree = "<group>"; };
		89855F1B199B2BC2006E5A14 /* Images.xcassets */ = {isa = PBXFileReference; lastKnownFileType = folder.assetcatalog; path = Images.xcassets; sourceTree = "<group>"; };
		89855F21199B2BC2006E5A14 /* KTPTests.xctest */ = {isa = PBXFileReference; explicitFileType = wrapper.cfbundle; includeInIndex = 0; path = KTPTests.xctest; sourceTree = BUILT_PRODUCTS_DIR; };
		89855F22199B2BC2006E5A14 /* XCTest.framework */ = {isa = PBXFileReference; lastKnownFileType = wrapper.framework; name = XCTest.framework; path = Library/Frameworks/XCTest.framework; sourceTree = DEVELOPER_DIR; };
		89855F2A199B2BC2006E5A14 /* KTPTests-Info.plist */ = {isa = PBXFileReference; lastKnownFileType = text.plist.xml; path = "KTPTests-Info.plist"; sourceTree = "<group>"; };
		89855F2C199B2BC2006E5A14 /* en */ = {isa = PBXFileReference; lastKnownFileType = text.plist.strings; name = en; path = en.lproj/InfoPlist.strings; sourceTree = "<group>"; };
		89855F2E199B2BC2006E5A14 /* KTPTests.m */ = {isa = PBXFileReference; lastKnownFileType = sourcecode.c.objc; path = KTPTests.m; sourceTree = "<group>"; };
		8B0E2D631A92E6CA000D5177 /* KTPPledgeTaskViewController.h */ = {isa = PBXFileReference; fileEncoding = 4; lastKnownFileType = sourcecode.c.h; path = KTPPledgeTaskViewController.h; sourceTree = "<group>"; };
		8B0E2D641A92E6CA000D5177 /* KTPPledgeTaskViewController.m */ = {isa = PBXFileReference; fileEncoding = 4; lastKnownFileType = sourcecode.c.objc; path = KTPPledgeTaskViewController.m; sourceTree = "<group>"; };
		A80943611A6EEE3600B03647 /* KTPRootViewController.h */ = {isa = PBXFileReference; fileEncoding = 4; lastKnownFileType = sourcecode.c.h; path = KTPRootViewController.h; sourceTree = "<group>"; };
		A80943621A6EEE3600B03647 /* KTPRootViewController.m */ = {isa = PBXFileReference; fileEncoding = 4; lastKnownFileType = sourcecode.c.objc; path = KTPRootViewController.m; sourceTree = "<group>"; };
		A80943641A6EEF3600B03647 /* KTPSlideMenuViewController.h */ = {isa = PBXFileReference; fileEncoding = 4; lastKnownFileType = sourcecode.c.h; path = KTPSlideMenuViewController.h; sourceTree = "<group>"; };
		A80943651A6EEF3600B03647 /* KTPSlideMenuViewController.m */ = {isa = PBXFileReference; fileEncoding = 4; lastKnownFileType = sourcecode.c.objc; path = KTPSlideMenuViewController.m; sourceTree = "<group>"; };
		A809436B1A6EF98600B03647 /* KTPSlideMenuCell.h */ = {isa = PBXFileReference; fileEncoding = 4; lastKnownFileType = sourcecode.c.h; path = KTPSlideMenuCell.h; sourceTree = "<group>"; };
		A809436C1A6EF98600B03647 /* KTPSlideMenuCell.m */ = {isa = PBXFileReference; fileEncoding = 4; lastKnownFileType = sourcecode.c.objc; path = KTPSlideMenuCell.m; sourceTree = "<group>"; };
		A83504951A7EE25A00644B2A /* KTPSPitches.h */ = {isa = PBXFileReference; fileEncoding = 4; lastKnownFileType = sourcecode.c.h; path = KTPSPitches.h; sourceTree = "<group>"; };
		A83504961A7EE25A00644B2A /* KTPSPitches.m */ = {isa = PBXFileReference; fileEncoding = 4; lastKnownFileType = sourcecode.c.objc; path = KTPSPitches.m; sourceTree = "<group>"; };
		A83504981A7FFA7900644B2A /* KTPSettingsDataSource.h */ = {isa = PBXFileReference; fileEncoding = 4; lastKnownFileType = sourcecode.c.h; path = KTPSettingsDataSource.h; sourceTree = "<group>"; };
		A83504991A7FFA7900644B2A /* KTPSettingsDataSource.m */ = {isa = PBXFileReference; fileEncoding = 4; lastKnownFileType = sourcecode.c.objc; path = KTPSettingsDataSource.m; sourceTree = "<group>"; };
		A835049B1A8005AB00644B2A /* KTPChangePasswordViewController.h */ = {isa = PBXFileReference; fileEncoding = 4; lastKnownFileType = sourcecode.c.h; path = KTPChangePasswordViewController.h; sourceTree = "<group>"; };
		A835049C1A8005AB00644B2A /* KTPChangePasswordViewController.m */ = {isa = PBXFileReference; fileEncoding = 4; lastKnownFileType = sourcecode.c.objc; lineEnding = 0; path = KTPChangePasswordViewController.m; sourceTree = "<group>"; xcLanguageSpecificationIdentifier = xcode.lang.objc; };
		A835049E1A807A5500644B2A /* KTPEditProfileViewController.h */ = {isa = PBXFileReference; fileEncoding = 4; lastKnownFileType = sourcecode.c.h; path = KTPEditProfileViewController.h; sourceTree = "<group>"; };
		A835049F1A807A5500644B2A /* KTPEditProfileViewController.m */ = {isa = PBXFileReference; fileEncoding = 4; lastKnownFileType = sourcecode.c.objc; lineEnding = 0; path = KTPEditProfileViewController.m; sourceTree = "<group>"; xcLanguageSpecificationIdentifier = xcode.lang.objc; };
		A83504A11A81529E00644B2A /* KTPPitchesResultViewController.h */ = {isa = PBXFileReference; fileEncoding = 4; lastKnownFileType = sourcecode.c.h; path = KTPPitchesResultViewController.h; sourceTree = "<group>"; };
		A83504A21A81529E00644B2A /* KTPPitchesResultViewController.m */ = {isa = PBXFileReference; fileEncoding = 4; lastKnownFileType = sourcecode.c.objc; path = KTPPitchesResultViewController.m; sourceTree = "<group>"; };
		A83504A41A81567E00644B2A /* KTPPitchesResultCell.h */ = {isa = PBXFileReference; fileEncoding = 4; lastKnownFileType = sourcecode.c.h; path = KTPPitchesResultCell.h; sourceTree = "<group>"; };
		A83504A51A81567E00644B2A /* KTPPitchesResultCell.m */ = {isa = PBXFileReference; fileEncoding = 4; lastKnownFileType = sourcecode.c.objc; path = KTPPitchesResultCell.m; sourceTree = "<group>"; };
		A83504A71A81720E00644B2A /* KTPPitchesResultSortViewController.h */ = {isa = PBXFileReference; fileEncoding = 4; lastKnownFileType = sourcecode.c.h; path = KTPPitchesResultSortViewController.h; sourceTree = "<group>"; };
		A83504A81A81720E00644B2A /* KTPPitchesResultSortViewController.m */ = {isa = PBXFileReference; fileEncoding = 4; lastKnownFileType = sourcecode.c.objc; path = KTPPitchesResultSortViewController.m; sourceTree = "<group>"; };
		A83504AA1A8577DF00644B2A /* KTPPledgeTasksViewController.h */ = {isa = PBXFileReference; fileEncoding = 4; lastKnownFileType = sourcecode.c.h; path = KTPPledgeTasksViewController.h; sourceTree = "<group>"; };
		A83504AB1A8577DF00644B2A /* KTPPledgeTasksViewController.m */ = {isa = PBXFileReference; fileEncoding = 4; lastKnownFileType = sourcecode.c.objc; path = KTPPledgeTasksViewController.m; sourceTree = "<group>"; };
		A83504AD1A8577F200644B2A /* KTPPledgeMeetingsViewController.h */ = {isa = PBXFileReference; fileEncoding = 4; lastKnownFileType = sourcecode.c.h; path = KTPPledgeMeetingsViewController.h; sourceTree = "<group>"; };
		A83504AE1A8577F200644B2A /* KTPPledgeMeetingsViewController.m */ = {isa = PBXFileReference; fileEncoding = 4; lastKnownFileType = sourcecode.c.objc; path = KTPPledgeMeetingsViewController.m; sourceTree = "<group>"; };
		A83504B41A85BC3A00644B2A /* KTPPledgeTask.h */ = {isa = PBXFileReference; fileEncoding = 4; lastKnownFileType = sourcecode.c.h; path = KTPPledgeTask.h; sourceTree = "<group>"; };
		A83504B51A85BC3A00644B2A /* KTPPledgeTask.m */ = {isa = PBXFileReference; fileEncoding = 4; lastKnownFileType = sourcecode.c.objc; path = KTPPledgeTask.m; sourceTree = "<group>"; };
		A83504B71A85BC4A00644B2A /* KTPSPledgeTasks.h */ = {isa = PBXFileReference; fileEncoding = 4; lastKnownFileType = sourcecode.c.h; path = KTPSPledgeTasks.h; sourceTree = "<group>"; };
		A83504B81A85BC4A00644B2A /* KTPSPledgeTasks.m */ = {isa = PBXFileReference; fileEncoding = 4; lastKnownFileType = sourcecode.c.objc; path = KTPSPledgeTasks.m; sourceTree = "<group>"; };
		A83504BA1A85BC6400644B2A /* KTPPledgeMeeting.h */ = {isa = PBXFileReference; fileEncoding = 4; lastKnownFileType = sourcecode.c.h; path = KTPPledgeMeeting.h; sourceTree = "<group>"; };
		A83504BB1A85BC6400644B2A /* KTPPledgeMeeting.m */ = {isa = PBXFileReference; fileEncoding = 4; lastKnownFileType = sourcecode.c.objc; path = KTPPledgeMeeting.m; sourceTree = "<group>"; };
		A83504C31A86A31800644B2A /* KTP-Bridging-Header.h */ = {isa = PBXFileReference; lastKnownFileType = sourcecode.c.h; path = "KTP-Bridging-Header.h"; sourceTree = "<group>"; };
		A83504C41A86A31900644B2A /* KTPPledgeTasksCell.swift */ = {isa = PBXFileReference; fileEncoding = 4; lastKnownFileType = sourcecode.swift; path = KTPPledgeTasksCell.swift; sourceTree = "<group>"; };
		A847A51E1A9EBC990078C1DE /* KTPTextInputTableViewCell.h */ = {isa = PBXFileReference; fileEncoding = 4; lastKnownFileType = sourcecode.c.h; path = KTPTextInputTableViewCell.h; sourceTree = "<group>"; };
		A847A51F1A9EBC990078C1DE /* KTPTextInputTableViewCell.m */ = {isa = PBXFileReference; fileEncoding = 4; lastKnownFileType = sourcecode.c.objc; path = KTPTextInputTableViewCell.m; sourceTree = "<group>"; };
		A847A5211A9F029E0078C1DE /* KTPPledgeOverviewViewController.h */ = {isa = PBXFileReference; fileEncoding = 4; lastKnownFileType = sourcecode.c.h; path = KTPPledgeOverviewViewController.h; sourceTree = "<group>"; };
		A847A5221A9F029E0078C1DE /* KTPPledgeOverviewViewController.m */ = {isa = PBXFileReference; fileEncoding = 4; lastKnownFileType = sourcecode.c.objc; path = KTPPledgeOverviewViewController.m; sourceTree = "<group>"; };
		A847A57A1A9FBB640078C1DE /* QuartzCore.framework */ = {isa = PBXFileReference; lastKnownFileType = wrapper.framework; name = QuartzCore.framework; path = System/Library/Frameworks/QuartzCore.framework; sourceTree = SDKROOT; };
		A873039B1A7199560062B072 /* KTPSMembers.h */ = {isa = PBXFileReference; fileEncoding = 4; lastKnownFileType = sourcecode.c.h; path = KTPSMembers.h; sourceTree = "<group>"; };
		A873039C1A7199560062B072 /* KTPSMembers.m */ = {isa = PBXFileReference; fileEncoding = 4; lastKnownFileType = sourcecode.c.objc; path = KTPSMembers.m; sourceTree = "<group>"; };
		A873039F1A72C2A80062B072 /* KTPConstants.h */ = {isa = PBXFileReference; fileEncoding = 4; lastKnownFileType = sourcecode.c.h; path = KTPConstants.h; sourceTree = "<group>"; };
		A87303A01A72C2A80062B072 /* KTPConstants.m */ = {isa = PBXFileReference; fileEncoding = 4; lastKnownFileType = sourcecode.c.objc; path = KTPConstants.m; sourceTree = "<group>"; };
		A87303A21A73AD200062B072 /* KTPProfileViewController.h */ = {isa = PBXFileReference; fileEncoding = 4; lastKnownFileType = sourcecode.c.h; path = KTPProfileViewController.h; sourceTree = "<group>"; };
		A87303A31A73AD200062B072 /* KTPProfileViewController.m */ = {isa = PBXFileReference; fileEncoding = 4; lastKnownFileType = sourcecode.c.objc; lineEnding = 0; path = KTPProfileViewController.m; sourceTree = "<group>"; xcLanguageSpecificationIdentifier = xcode.lang.objc; };
		A883BE751A78E26300139232 /* NSString+KTPStrings.h */ = {isa = PBXFileReference; fileEncoding = 4; lastKnownFileType = sourcecode.c.h; path = "NSString+KTPStrings.h"; sourceTree = "<group>"; };
		A883BE761A78E26300139232 /* NSString+KTPStrings.m */ = {isa = PBXFileReference; fileEncoding = 4; lastKnownFileType = sourcecode.c.objc; path = "NSString+KTPStrings.m"; sourceTree = "<group>"; };
		A883BE781A79715A00139232 /* KTPPitchesViewController.h */ = {isa = PBXFileReference; fileEncoding = 4; lastKnownFileType = sourcecode.c.h; path = KTPPitchesViewController.h; sourceTree = "<group>"; };
		A883BE791A79715A00139232 /* KTPPitchesViewController.m */ = {isa = PBXFileReference; fileEncoding = 4; lastKnownFileType = sourcecode.c.objc; path = KTPPitchesViewController.m; sourceTree = "<group>"; };
		A883BE821A7AC2B300139232 /* KTPPitchesCell.h */ = {isa = PBXFileReference; fileEncoding = 4; lastKnownFileType = sourcecode.c.h; path = KTPPitchesCell.h; sourceTree = "<group>"; };
		A883BE831A7AC2B300139232 /* KTPPitchesCell.m */ = {isa = PBXFileReference; fileEncoding = 4; lastKnownFileType = sourcecode.c.objc; path = KTPPitchesCell.m; sourceTree = "<group>"; };
		A883BE851A7AC74F00139232 /* KTPPitch.h */ = {isa = PBXFileReference; fileEncoding = 4; lastKnownFileType = sourcecode.c.h; path = KTPPitch.h; sourceTree = "<group>"; };
		A883BE861A7AC74F00139232 /* KTPPitch.m */ = {isa = PBXFileReference; fileEncoding = 4; lastKnownFileType = sourcecode.c.objc; lineEnding = 0; path = KTPPitch.m; sourceTree = "<group>"; xcLanguageSpecificationIdentifier = xcode.lang.objc; };
		A883BE881A7AC85F00139232 /* KTPPitchVote.h */ = {isa = PBXFileReference; fileEncoding = 4; lastKnownFileType = sourcecode.c.h; path = KTPPitchVote.h; sourceTree = "<group>"; };
		A883BE891A7AC85F00139232 /* KTPPitchVote.m */ = {isa = PBXFileReference; fileEncoding = 4; lastKnownFileType = sourcecode.c.objc; path = KTPPitchVote.m; sourceTree = "<group>"; };
		A883BE8B1A7ACEC800139232 /* KTPPitchVoteViewController.h */ = {isa = PBXFileReference; fileEncoding = 4; lastKnownFileType = sourcecode.c.h; path = KTPPitchVoteViewController.h; sourceTree = "<group>"; };
		A883BE8C1A7ACEC800139232 /* KTPPitchVoteViewController.m */ = {isa = PBXFileReference; fileEncoding = 4; lastKnownFileType = sourcecode.c.objc; lineEnding = 0; path = KTPPitchVoteViewController.m; sourceTree = "<group>"; xcLanguageSpecificationIdentifier = xcode.lang.objc; };
		A883BE8E1A7AFE0D00139232 /* KTPPitchAddViewController.h */ = {isa = PBXFileReference; fileEncoding = 4; lastKnownFileType = sourcecode.c.h; path = KTPPitchAddViewController.h; sourceTree = "<group>"; };
		A883BE8F1A7AFE0D00139232 /* KTPPitchAddViewController.m */ = {isa = PBXFileReference; fileEncoding = 4; lastKnownFileType = sourcecode.c.objc; lineEnding = 0; path = KTPPitchAddViewController.m; sourceTree = "<group>"; xcLanguageSpecificationIdentifier = xcode.lang.objc; };
		A8B2D64D1A7799E100039724 /* KTPSettingsViewController.h */ = {isa = PBXFileReference; fileEncoding = 4; lastKnownFileType = sourcecode.c.h; path = KTPSettingsViewController.h; sourceTree = "<group>"; };
		A8B2D64E1A7799E100039724 /* KTPSettingsViewController.m */ = {isa = PBXFileReference; fileEncoding = 4; lastKnownFileType = sourcecode.c.objc; path = KTPSettingsViewController.m; sourceTree = "<group>"; };
		A8B2D6511A77F62100039724 /* KTPNetworking.h */ = {isa = PBXFileReference; fileEncoding = 4; lastKnownFileType = sourcecode.c.h; path = KTPNetworking.h; sourceTree = "<group>"; };
		A8B2D6521A77F62100039724 /* KTPNetworking.m */ = {isa = PBXFileReference; fileEncoding = 4; lastKnownFileType = sourcecode.c.objc; path = KTPNetworking.m; sourceTree = "<group>"; };
		A8B2D6571A78386600039724 /* UIImage+KTPImages.h */ = {isa = PBXFileReference; fileEncoding = 4; lastKnownFileType = sourcecode.c.h; path = "UIImage+KTPImages.h"; sourceTree = "<group>"; };
		A8B2D6581A78386600039724 /* UIImage+KTPImages.m */ = {isa = PBXFileReference; fileEncoding = 4; lastKnownFileType = sourcecode.c.objc; path = "UIImage+KTPImages.m"; sourceTree = "<group>"; };
		A8C1DAFC1A15ADA300298FF9 /* KTPMembersViewController.h */ = {isa = PBXFileReference; fileEncoding = 4; lastKnownFileType = sourcecode.c.h; path = KTPMembersViewController.h; sourceTree = "<group>"; };
		A8C1DAFD1A15ADA300298FF9 /* KTPMembersViewController.m */ = {isa = PBXFileReference; fileEncoding = 4; lastKnownFileType = sourcecode.c.objc; lineEnding = 0; path = KTPMembersViewController.m; sourceTree = "<group>"; xcLanguageSpecificationIdentifier = xcode.lang.objc; };
		A8C1DAFF1A15ADF700298FF9 /* KTPMember.h */ = {isa = PBXFileReference; fileEncoding = 4; lastKnownFileType = sourcecode.c.h; path = KTPMember.h; sourceTree = "<group>"; };
		A8C1DB001A15ADF700298FF9 /* KTPMember.m */ = {isa = PBXFileReference; fileEncoding = 4; lastKnownFileType = sourcecode.c.objc; path = KTPMember.m; sourceTree = "<group>"; };
		A8C6D05B1A745C7000B7CAC0 /* KTPMembersCell.h */ = {isa = PBXFileReference; fileEncoding = 4; lastKnownFileType = sourcecode.c.h; path = KTPMembersCell.h; sourceTree = "<group>"; };
		A8C6D05C1A745C7000B7CAC0 /* KTPMembersCell.m */ = {isa = PBXFileReference; fileEncoding = 4; lastKnownFileType = sourcecode.c.objc; path = KTPMembersCell.m; sourceTree = "<group>"; };
		A8C6D05E1A7745CC00B7CAC0 /* KTPPledgingViewController.h */ = {isa = PBXFileReference; fileEncoding = 4; lastKnownFileType = sourcecode.c.h; path = KTPPledgingViewController.h; sourceTree = "<group>"; };
		A8C6D05F1A7745CC00B7CAC0 /* KTPPledgingViewController.m */ = {isa = PBXFileReference; fileEncoding = 4; lastKnownFileType = sourcecode.c.objc; path = KTPPledgingViewController.m; sourceTree = "<group>"; };
		A8D448681AA276820097BDEC /* KTPPieChart.h */ = {isa = PBXFileReference; fileEncoding = 4; lastKnownFileType = sourcecode.c.h; path = KTPPieChart.h; sourceTree = "<group>"; };
		A8D448691AA276820097BDEC /* KTPPieChart.m */ = {isa = PBXFileReference; fileEncoding = 4; lastKnownFileType = sourcecode.c.objc; path = KTPPieChart.m; sourceTree = "<group>"; };
		A8D4489D1AA4F62D0097BDEC /* NChart3D.framework */ = {isa = PBXFileReference; lastKnownFileType = wrapper.framework; name = NChart3D.framework; path = ../../../Downloads/NChart3D/NChart3D.framework; sourceTree = "<group>"; };
		A8D448E01AA52B090097BDEC /* NSMutableArray+MPMutableArray.h */ = {isa = PBXFileReference; fileEncoding = 4; lastKnownFileType = sourcecode.c.h; path = "NSMutableArray+MPMutableArray.h"; sourceTree = "<group>"; };
		A8D448E11AA52B090097BDEC /* MPPieElement.h */ = {isa = PBXFileReference; fileEncoding = 4; lastKnownFileType = sourcecode.c.h; path = MPPieElement.h; sourceTree = "<group>"; };
		A8D448E21AA52B090097BDEC /* MPPieLayer.m */ = {isa = PBXFileReference; fileEncoding = 4; lastKnownFileType = sourcecode.c.objc; path = MPPieLayer.m; sourceTree = "<group>"; };
		A8D448E31AA52B090097BDEC /* MPPieLayer.h */ = {isa = PBXFileReference; fileEncoding = 4; lastKnownFileType = sourcecode.c.h; path = MPPieLayer.h; sourceTree = "<group>"; };
		A8D448E41AA52B090097BDEC /* MagicPie.h */ = {isa = PBXFileReference; fileEncoding = 4; lastKnownFileType = sourcecode.c.h; path = MagicPie.h; sourceTree = "<group>"; };
		A8D448E51AA52B090097BDEC /* MPPieElement.m */ = {isa = PBXFileReference; fileEncoding = 4; lastKnownFileType = sourcecode.c.objc; path = MPPieElement.m; sourceTree = "<group>"; };
		A8D448E61AA52B090097BDEC /* NSMutableArray+MPMutableArray.m */ = {isa = PBXFileReference; fileEncoding = 4; lastKnownFileType = sourcecode.c.objc; path = "NSMutableArray+MPMutableArray.m"; sourceTree = "<group>"; };
		A8F483E01A7D366600B17E7F /* KTPTextView.h */ = {isa = PBXFileReference; fileEncoding = 4; lastKnownFileType = sourcecode.c.h; path = KTPTextView.h; sourceTree = "<group>"; };
		A8F483E11A7D366600B17E7F /* KTPTextView.m */ = {isa = PBXFileReference; fileEncoding = 4; lastKnownFileType = sourcecode.c.objc; path = KTPTextView.m; sourceTree = "<group>"; };
		A8F483E71A7D6F3000B17E7F /* UILabel+KTPLabel.h */ = {isa = PBXFileReference; fileEncoding = 4; lastKnownFileType = sourcecode.c.h; path = "UILabel+KTPLabel.h"; sourceTree = "<group>"; };
		A8F483E81A7D6F3000B17E7F /* UILabel+KTPLabel.m */ = {isa = PBXFileReference; fileEncoding = 4; lastKnownFileType = sourcecode.c.objc; path = "UILabel+KTPLabel.m"; sourceTree = "<group>"; };
		B0337AD64C6FF27F839A0238 /* Pods-KTP.debug.xcconfig */ = {isa = PBXFileReference; includeInIndex = 1; lastKnownFileType = text.xcconfig; name = "Pods-KTP.debug.xcconfig"; path = "Pods/Target Support Files/Pods-KTP/Pods-KTP.debug.xcconfig"; sourceTree = "<group>"; };
		BF29208C1A92F9BC00EFE46A /* KTPEditProfileTableItem.h */ = {isa = PBXFileReference; fileEncoding = 4; lastKnownFileType = sourcecode.c.h; path = KTPEditProfileTableItem.h; sourceTree = "<group>"; };
		BF29208D1A92F9BC00EFE46A /* KTPEditProfileTableItem.m */ = {isa = PBXFileReference; fileEncoding = 4; lastKnownFileType = sourcecode.c.objc; path = KTPEditProfileTableItem.m; sourceTree = "<group>"; };
		BF29208F1A93C6A300EFE46A /* KTPProfileFratInfoView.h */ = {isa = PBXFileReference; fileEncoding = 4; lastKnownFileType = sourcecode.c.h; path = KTPProfileFratInfoView.h; sourceTree = "<group>"; };
		BF2920901A93C6A300EFE46A /* KTPProfileFratInfoView.m */ = {isa = PBXFileReference; fileEncoding = 4; lastKnownFileType = sourcecode.c.objc; path = KTPProfileFratInfoView.m; sourceTree = "<group>"; };
		BF2920921A93EA8100EFE46A /* KTPProfilePersonalInfoView.h */ = {isa = PBXFileReference; fileEncoding = 4; lastKnownFileType = sourcecode.c.h; path = KTPProfilePersonalInfoView.h; sourceTree = "<group>"; };
		BF2920931A93EA8100EFE46A /* KTPProfilePersonalInfoView.m */ = {isa = PBXFileReference; fileEncoding = 4; lastKnownFileType = sourcecode.c.objc; path = KTPProfilePersonalInfoView.m; sourceTree = "<group>"; };
		BF2920951A93F90700EFE46A /* KTPProfileNameView.h */ = {isa = PBXFileReference; fileEncoding = 4; lastKnownFileType = sourcecode.c.h; path = KTPProfileNameView.h; sourceTree = "<group>"; };
		BF2920961A93F90700EFE46A /* KTPProfileNameView.m */ = {isa = PBXFileReference; fileEncoding = 4; lastKnownFileType = sourcecode.c.objc; path = KTPProfileNameView.m; sourceTree = "<group>"; };
		BF2920981A940C0600EFE46A /* KTPProfileBioView.h */ = {isa = PBXFileReference; fileEncoding = 4; lastKnownFileType = sourcecode.c.h; path = KTPProfileBioView.h; sourceTree = "<group>"; };
		BF2920991A940C0600EFE46A /* KTPProfileBioView.m */ = {isa = PBXFileReference; fileEncoding = 4; lastKnownFileType = sourcecode.c.objc; path = KTPProfileBioView.m; sourceTree = "<group>"; };
		BF29209B1A94262F00EFE46A /* KTPProfileButtonsView.h */ = {isa = PBXFileReference; fileEncoding = 4; lastKnownFileType = sourcecode.c.h; path = KTPProfileButtonsView.h; sourceTree = "<group>"; };
		BF29209C1A94262F00EFE46A /* KTPProfileButtonsView.m */ = {isa = PBXFileReference; fileEncoding = 4; lastKnownFileType = sourcecode.c.objc; path = KTPProfileButtonsView.m; sourceTree = "<group>"; };
		BF6478861A91964E00717ABE /* KTPEditProfileCell.h */ = {isa = PBXFileReference; fileEncoding = 4; lastKnownFileType = sourcecode.c.h; path = KTPEditProfileCell.h; sourceTree = "<group>"; };
		BF6478871A91964E00717ABE /* KTPEditProfileCell.m */ = {isa = PBXFileReference; fileEncoding = 4; lastKnownFileType = sourcecode.c.objc; path = KTPEditProfileCell.m; sourceTree = "<group>"; };
		E107C6DC1FF5353387CBC832 /* libPods-KTP.a */ = {isa = PBXFileReference; explicitFileType = archive.ar; includeInIndex = 0; path = "libPods-KTP.a"; sourceTree = BUILT_PRODUCTS_DIR; };
/* End PBXFileReference section */

/* Begin PBXFrameworksBuildPhase section */
		89855F03199B2BC2006E5A14 /* Frameworks */ = {
			isa = PBXFrameworksBuildPhase;
			buildActionMask = 2147483647;
			files = (
				89855F0E199B2BC2006E5A14 /* UIKit.framework in Frameworks */,
				89855F0A199B2BC2006E5A14 /* Foundation.framework in Frameworks */,
				C6B8C8AF9F3F88C5FE6DDB97 /* libPods-KTP.a in Frameworks */,
			);
			runOnlyForDeploymentPostprocessing = 0;
		};
		89855F1E199B2BC2006E5A14 /* Frameworks */ = {
			isa = PBXFrameworksBuildPhase;
			buildActionMask = 2147483647;
			files = (
				89855F23199B2BC2006E5A14 /* XCTest.framework in Frameworks */,
				89855F25199B2BC2006E5A14 /* UIKit.framework in Frameworks */,
				89855F24199B2BC2006E5A14 /* Foundation.framework in Frameworks */,
			);
			runOnlyForDeploymentPostprocessing = 0;
		};
/* End PBXFrameworksBuildPhase section */

/* Begin PBXGroup section */
		8417D4A41A97DA6800FA307C /* Custom Profile Section Views */ = {
			isa = PBXGroup;
			children = (
				BF29209B1A94262F00EFE46A /* KTPProfileButtonsView.h */,
				BF29209C1A94262F00EFE46A /* KTPProfileButtonsView.m */,
				BF2920981A940C0600EFE46A /* KTPProfileBioView.h */,
				BF2920991A940C0600EFE46A /* KTPProfileBioView.m */,
				BF29208F1A93C6A300EFE46A /* KTPProfileFratInfoView.h */,
				BF2920901A93C6A300EFE46A /* KTPProfileFratInfoView.m */,
				BF2920921A93EA8100EFE46A /* KTPProfilePersonalInfoView.h */,
				BF2920931A93EA8100EFE46A /* KTPProfilePersonalInfoView.m */,
				BF2920951A93F90700EFE46A /* KTPProfileNameView.h */,
				BF2920961A93F90700EFE46A /* KTPProfileNameView.m */,
			);
			name = "Custom Profile Section Views";
			sourceTree = "<group>";
		};
		89581FB6199C6EA20033B5A4 /* Categories */ = {
			isa = PBXGroup;
			children = (
				89581F68199B2E230033B5A4 /* UIColor+KTPColors.h */,
				89581F69199B2E230033B5A4 /* UIColor+KTPColors.m */,
				A8B2D6571A78386600039724 /* UIImage+KTPImages.h */,
				A8B2D6581A78386600039724 /* UIImage+KTPImages.m */,
				A883BE751A78E26300139232 /* NSString+KTPStrings.h */,
				A883BE761A78E26300139232 /* NSString+KTPStrings.m */,
				A8F483E71A7D6F3000B17E7F /* UILabel+KTPLabel.h */,
				A8F483E81A7D6F3000B17E7F /* UILabel+KTPLabel.m */,
			);
			name = Categories;
			sourceTree = "<group>";
		};
		89581FB7199C6EB10033B5A4 /* Custom Views */ = {
			isa = PBXGroup;
			children = (
				A8D448EE1AA57F500097BDEC /* TextInputTableViewCell */,
				89581F66199B2E230033B5A4 /* KTPBlockView.h */,
				89581F67199B2E230033B5A4 /* KTPBlockView.m */,
				897E8F0819AE477C001C849F /* KTPTextField.h */,
				897E8F0919AE477C001C849F /* KTPTextField.m */,
				A8F483E01A7D366600B17E7F /* KTPTextView.h */,
				A8F483E11A7D366600B17E7F /* KTPTextView.m */,
			);
			name = "Custom Views";
			sourceTree = "<group>";
		};
		89581FB8199C6EB80033B5A4 /* User */ = {
			isa = PBXGroup;
			children = (
				897E8F1719AE544F001C849F /* KTPSUser.h */,
				897E8F1819AE544F001C849F /* KTPSUser.m */,
			);
			name = User;
			sourceTree = "<group>";
		};
		89581FB9199C6EC30033B5A4 /* AnnouncementsView */ = {
			isa = PBXGroup;
			children = (
				897E8F1419AE51FB001C849F /* KTPAnnouncementsViewController.h */,
				897E8F1519AE51FB001C849F /* KTPAnnouncementsViewController.m */,
			);
			name = AnnouncementsView;
			sourceTree = "<group>";
		};
		89855EFD199B2BC2006E5A14 = {
			isa = PBXGroup;
			children = (
				A8D448D51AA528C40097BDEC /* MagicPie */,
				89855F0F199B2BC2006E5A14 /* KTP */,
				89855F28199B2BC2006E5A14 /* KTPTests */,
				89855F08199B2BC2006E5A14 /* Frameworks */,
				89855F07199B2BC2006E5A14 /* Products */,
				FC7541E19AE52ED6AF241B1E /* Pods */,
			);
			sourceTree = "<group>";
		};
		89855F07199B2BC2006E5A14 /* Products */ = {
			isa = PBXGroup;
			children = (
				89855F06199B2BC2006E5A14 /* KTP.app */,
				89855F21199B2BC2006E5A14 /* KTPTests.xctest */,
			);
			name = Products;
			sourceTree = "<group>";
		};
		89855F08199B2BC2006E5A14 /* Frameworks */ = {
			isa = PBXGroup;
			children = (
				A8D4489D1AA4F62D0097BDEC /* NChart3D.framework */,
				A847A57A1A9FBB640078C1DE /* QuartzCore.framework */,
				89855F09199B2BC2006E5A14 /* Foundation.framework */,
				89855F0B199B2BC2006E5A14 /* CoreGraphics.framework */,
				89855F0D199B2BC2006E5A14 /* UIKit.framework */,
				89855F22199B2BC2006E5A14 /* XCTest.framework */,
				E107C6DC1FF5353387CBC832 /* libPods-KTP.a */,
			);
			name = Frameworks;
			sourceTree = "<group>";
		};
		89855F0F199B2BC2006E5A14 /* KTP */ = {
			isa = PBXGroup;
			children = (
				A83504C31A86A31800644B2A /* KTP-Bridging-Header.h */,
				89855F18199B2BC2006E5A14 /* KTPAppDelegate.h */,
				89855F19199B2BC2006E5A14 /* KTPAppDelegate.m */,
				A883BE7F1A7AC0E100139232 /* Constants */,
				A883BE801A7AC0EA00139232 /* Networking */,
				89581FB8199C6EB80033B5A4 /* User */,
				A883BE7E1A7AC0D800139232 /* RootView */,
				89A1553B19AE598A00DE7346 /* LoginView */,
				A80943671A6EEF7400B03647 /* MenuView */,
				A873039E1A71AE820062B072 /* Members */,
				A8C1DAF81A15AD5200298FF9 /* MembersView */,
				A83504B31A85BB7300644B2A /* Pledging */,
				A8C6D0611A7745D900B7CAC0 /* PledgingView */,
				A8F483E61A7D65DC00B17E7F /* Pitches */,
				A883BE811A7AC16A00139232 /* PitchesView */,
				89A1553C19AE599400DE7346 /* RequirementsView */,
				89581FB9199C6EC30033B5A4 /* AnnouncementsView */,
				A8B2D6501A7799E600039724 /* SettingsView */,
				A8A234501A933B020020E51D /* OptionSelectView */,
				A8D448EA1AA5617E0097BDEC /* PieChart */,
				89581FB7199C6EB10033B5A4 /* Custom Views */,
				89581FB6199C6EA20033B5A4 /* Categories */,
				89855F1B199B2BC2006E5A14 /* Images.xcassets */,
				89855F10199B2BC2006E5A14 /* Supporting Files */,
			);
			path = KTP;
			sourceTree = "<group>";
		};
		89855F10199B2BC2006E5A14 /* Supporting Files */ = {
			isa = PBXGroup;
			children = (
				89855F11199B2BC2006E5A14 /* KTP-Info.plist */,
				89855F12199B2BC2006E5A14 /* InfoPlist.strings */,
				89855F15199B2BC2006E5A14 /* main.m */,
				89855F17199B2BC2006E5A14 /* KTP-Prefix.pch */,
			);
			name = "Supporting Files";
			sourceTree = "<group>";
		};
		89855F28199B2BC2006E5A14 /* KTPTests */ = {
			isa = PBXGroup;
			children = (
				89855F2E199B2BC2006E5A14 /* KTPTests.m */,
				89855F29199B2BC2006E5A14 /* Supporting Files */,
			);
			path = KTPTests;
			sourceTree = "<group>";
		};
		89855F29199B2BC2006E5A14 /* Supporting Files */ = {
			isa = PBXGroup;
			children = (
				89855F2A199B2BC2006E5A14 /* KTPTests-Info.plist */,
				89855F2B199B2BC2006E5A14 /* InfoPlist.strings */,
			);
			name = "Supporting Files";
			sourceTree = "<group>";
		};
		89A1553B19AE598A00DE7346 /* LoginView */ = {
			isa = PBXGroup;
			children = (
				897E8F0E19AE4D3D001C849F /* KTPLoginViewController.h */,
				897E8F0F19AE4D3D001C849F /* KTPLoginViewController.m */,
			);
			name = LoginView;
			sourceTree = "<group>";
		};
		89A1553C19AE599400DE7346 /* RequirementsView */ = {
			isa = PBXGroup;
			children = (
				89581FB0199C65B90033B5A4 /* KTPRequirementsDataSource.h */,
				89581FB1199C65B90033B5A4 /* KTPRequirementsDataSource.m */,
				89581F71199B33100033B5A4 /* KTPRequirementsViewController.h */,
				89581F72199B33100033B5A4 /* KTPRequirementsViewController.m */,
			);
			name = RequirementsView;
			sourceTree = "<group>";
		};
		A80943671A6EEF7400B03647 /* MenuView */ = {
			isa = PBXGroup;
			children = (
				A80943641A6EEF3600B03647 /* KTPSlideMenuViewController.h */,
				A80943651A6EEF3600B03647 /* KTPSlideMenuViewController.m */,
				A809436B1A6EF98600B03647 /* KTPSlideMenuCell.h */,
				A809436C1A6EF98600B03647 /* KTPSlideMenuCell.m */,
			);
			name = MenuView;
			sourceTree = "<group>";
		};
		A83504B31A85BB7300644B2A /* Pledging */ = {
			isa = PBXGroup;
			children = (
				A83504B71A85BC4A00644B2A /* KTPSPledgeTasks.h */,
				A83504B81A85BC4A00644B2A /* KTPSPledgeTasks.m */,
				A83504B41A85BC3A00644B2A /* KTPPledgeTask.h */,
				A83504B51A85BC3A00644B2A /* KTPPledgeTask.m */,
				A83504BA1A85BC6400644B2A /* KTPPledgeMeeting.h */,
				A83504BB1A85BC6400644B2A /* KTPPledgeMeeting.m */,
			);
			name = Pledging;
			sourceTree = "<group>";
		};
		A873039E1A71AE820062B072 /* Members */ = {
			isa = PBXGroup;
			children = (
				A873039B1A7199560062B072 /* KTPSMembers.h */,
				A873039C1A7199560062B072 /* KTPSMembers.m */,
				A8C1DAFF1A15ADF700298FF9 /* KTPMember.h */,
				A8C1DB001A15ADF700298FF9 /* KTPMember.m */,
			);
			name = Members;
			sourceTree = "<group>";
		};
		A87303A51A73AD260062B072 /* ProfileView */ = {
			isa = PBXGroup;
			children = (
				A87303A21A73AD200062B072 /* KTPProfileViewController.h */,
				A87303A31A73AD200062B072 /* KTPProfileViewController.m */,
				8417D4A41A97DA6800FA307C /* Custom Profile Section Views */,
				A835049E1A807A5500644B2A /* KTPEditProfileViewController.h */,
				A835049F1A807A5500644B2A /* KTPEditProfileViewController.m */,
				BF6478861A91964E00717ABE /* KTPEditProfileCell.h */,
				BF6478871A91964E00717ABE /* KTPEditProfileCell.m */,
				BF29208C1A92F9BC00EFE46A /* KTPEditProfileTableItem.h */,
				BF29208D1A92F9BC00EFE46A /* KTPEditProfileTableItem.m */,
			);
			name = ProfileView;
			sourceTree = "<group>";
		};
		A883BE7E1A7AC0D800139232 /* RootView */ = {
			isa = PBXGroup;
			children = (
				A80943611A6EEE3600B03647 /* KTPRootViewController.h */,
				A80943621A6EEE3600B03647 /* KTPRootViewController.m */,
			);
			name = RootView;
			sourceTree = "<group>";
		};
		A883BE7F1A7AC0E100139232 /* Constants */ = {
			isa = PBXGroup;
			children = (
				A873039F1A72C2A80062B072 /* KTPConstants.h */,
				A87303A01A72C2A80062B072 /* KTPConstants.m */,
			);
			name = Constants;
			sourceTree = "<group>";
		};
		A883BE801A7AC0EA00139232 /* Networking */ = {
			isa = PBXGroup;
			children = (
				A8B2D6511A77F62100039724 /* KTPNetworking.h */,
				A8B2D6521A77F62100039724 /* KTPNetworking.m */,
			);
			name = Networking;
			sourceTree = "<group>";
		};
		A883BE811A7AC16A00139232 /* PitchesView */ = {
			isa = PBXGroup;
			children = (
				A883BE781A79715A00139232 /* KTPPitchesViewController.h */,
				A883BE791A79715A00139232 /* KTPPitchesViewController.m */,
				A883BE821A7AC2B300139232 /* KTPPitchesCell.h */,
				A883BE831A7AC2B300139232 /* KTPPitchesCell.m */,
				A883BE8E1A7AFE0D00139232 /* KTPPitchAddViewController.h */,
				A883BE8F1A7AFE0D00139232 /* KTPPitchAddViewController.m */,
				A883BE8B1A7ACEC800139232 /* KTPPitchVoteViewController.h */,
				A883BE8C1A7ACEC800139232 /* KTPPitchVoteViewController.m */,
				A83504A11A81529E00644B2A /* KTPPitchesResultViewController.h */,
				A83504A21A81529E00644B2A /* KTPPitchesResultViewController.m */,
				A83504A41A81567E00644B2A /* KTPPitchesResultCell.h */,
				A83504A51A81567E00644B2A /* KTPPitchesResultCell.m */,
				A83504A71A81720E00644B2A /* KTPPitchesResultSortViewController.h */,
				A83504A81A81720E00644B2A /* KTPPitchesResultSortViewController.m */,
			);
			name = PitchesView;
			sourceTree = "<group>";
		};
		A8A234501A933B020020E51D /* OptionSelectView */ = {
			isa = PBXGroup;
			children = (
				842DF0841A932BB400846CCE /* KTPOptionSelectViewController.h */,
				842DF0851A932BB400846CCE /* KTPOptionSelectViewController.m */,
			);
			name = OptionSelectView;
			sourceTree = "<group>";
		};
		A8B2D6501A7799E600039724 /* SettingsView */ = {
			isa = PBXGroup;
			children = (
				A8B2D64D1A7799E100039724 /* KTPSettingsViewController.h */,
				A8B2D64E1A7799E100039724 /* KTPSettingsViewController.m */,
				A83504981A7FFA7900644B2A /* KTPSettingsDataSource.h */,
				A83504991A7FFA7900644B2A /* KTPSettingsDataSource.m */,
				A835049B1A8005AB00644B2A /* KTPChangePasswordViewController.h */,
				A835049C1A8005AB00644B2A /* KTPChangePasswordViewController.m */,
			);
			name = SettingsView;
			sourceTree = "<group>";
		};
		A8C1DAF81A15AD5200298FF9 /* MembersView */ = {
			isa = PBXGroup;
			children = (
				A8C1DAFC1A15ADA300298FF9 /* KTPMembersViewController.h */,
				A8C1DAFD1A15ADA300298FF9 /* KTPMembersViewController.m */,
				A8C6D05B1A745C7000B7CAC0 /* KTPMembersCell.h */,
				A8C6D05C1A745C7000B7CAC0 /* KTPMembersCell.m */,
				A87303A51A73AD260062B072 /* ProfileView */,
			);
			name = MembersView;
			sourceTree = "<group>";
		};
		A8C6D0611A7745D900B7CAC0 /* PledgingView */ = {
			isa = PBXGroup;
			children = (
				A8C6D05E1A7745CC00B7CAC0 /* KTPPledgingViewController.h */,
				A8C6D05F1A7745CC00B7CAC0 /* KTPPledgingViewController.m */,
				A8D448EB1AA57EFE0097BDEC /* Overview */,
				A8D448EC1AA57F180097BDEC /* Pledge Tasks */,
				A8D448ED1AA57F240097BDEC /* Pledge Meetings */,
			);
			name = PledgingView;
			sourceTree = "<group>";
		};
		A8D448D51AA528C40097BDEC /* MagicPie */ = {
			isa = PBXGroup;
			children = (
				A8D448E41AA52B090097BDEC /* MagicPie.h */,
				A8D448E31AA52B090097BDEC /* MPPieLayer.h */,
				A8D448E21AA52B090097BDEC /* MPPieLayer.m */,
				A8D448E11AA52B090097BDEC /* MPPieElement.h */,
				A8D448E51AA52B090097BDEC /* MPPieElement.m */,
				A8D448E01AA52B090097BDEC /* NSMutableArray+MPMutableArray.h */,
				A8D448E61AA52B090097BDEC /* NSMutableArray+MPMutableArray.m */,
			);
			name = MagicPie;
			sourceTree = "<group>";
		};
		A8D448EA1AA5617E0097BDEC /* PieChart */ = {
			isa = PBXGroup;
			children = (
				A8D448681AA276820097BDEC /* KTPPieChart.h */,
				A8D448691AA276820097BDEC /* KTPPieChart.m */,
			);
			name = PieChart;
			sourceTree = "<group>";
		};
		A8D448EB1AA57EFE0097BDEC /* Overview */ = {
			isa = PBXGroup;
			children = (
				A847A5211A9F029E0078C1DE /* KTPPledgeOverviewViewController.h */,
				A847A5221A9F029E0078C1DE /* KTPPledgeOverviewViewController.m */,
			);
			name = Overview;
			sourceTree = "<group>";
		};
		A8D448EC1AA57F180097BDEC /* Pledge Tasks */ = {
			isa = PBXGroup;
			children = (
				A83504AA1A8577DF00644B2A /* KTPPledgeTasksViewController.h */,
				A83504AB1A8577DF00644B2A /* KTPPledgeTasksViewController.m */,
				A83504C41A86A31900644B2A /* KTPPledgeTasksCell.swift */,
				8B0E2D631A92E6CA000D5177 /* KTPPledgeTaskViewController.h */,
				8B0E2D641A92E6CA000D5177 /* KTPPledgeTaskViewController.m */,
				84B3FCE41A99047700D694E3 /* KTPEditPledgeTaskViewController.h */,
				84B3FCE51A99047700D694E3 /* KTPEditPledgeTaskViewController.m */,
			);
			name = "Pledge Tasks";
			sourceTree = "<group>";
		};
		A8D448ED1AA57F240097BDEC /* Pledge Meetings */ = {
			isa = PBXGroup;
			children = (
				A83504AD1A8577F200644B2A /* KTPPledgeMeetingsViewController.h */,
				A83504AE1A8577F200644B2A /* KTPPledgeMeetingsViewController.m */,
				84380F961A919E9200A6A110 /* KTPPledgeMeetingsCell.swift */,
			);
			name = "Pledge Meetings";
			sourceTree = "<group>";
		};
		A8D448EE1AA57F500097BDEC /* TextInputTableViewCell */ = {
			isa = PBXGroup;
			children = (
				A847A51E1A9EBC990078C1DE /* KTPTextInputTableViewCell.h */,
				A847A51F1A9EBC990078C1DE /* KTPTextInputTableViewCell.m */,
			);
			name = TextInputTableViewCell;
			sourceTree = "<group>";
		};
		A8F483E61A7D65DC00B17E7F /* Pitches */ = {
			isa = PBXGroup;
			children = (
				A83504951A7EE25A00644B2A /* KTPSPitches.h */,
				A83504961A7EE25A00644B2A /* KTPSPitches.m */,
				A883BE851A7AC74F00139232 /* KTPPitch.h */,
				A883BE861A7AC74F00139232 /* KTPPitch.m */,
				A883BE881A7AC85F00139232 /* KTPPitchVote.h */,
				A883BE891A7AC85F00139232 /* KTPPitchVote.m */,
			);
			name = Pitches;
			sourceTree = "<group>";
		};
		FC7541E19AE52ED6AF241B1E /* Pods */ = {
			isa = PBXGroup;
			children = (
				B0337AD64C6FF27F839A0238 /* Pods-KTP.debug.xcconfig */,
				75A2B277C32F40D9CDD7CC7A /* Pods-KTP.release.xcconfig */,
			);
			name = Pods;
			sourceTree = "<group>";
		};
/* End PBXGroup section */

/* Begin PBXNativeTarget section */
		89855F05199B2BC2006E5A14 /* KTP */ = {
			isa = PBXNativeTarget;
			buildConfigurationList = 89855F32199B2BC2006E5A14 /* Build configuration list for PBXNativeTarget "KTP" */;
			buildPhases = (
				186201AF4401F72E436DDEB2 /* Check Pods Manifest.lock */,
				89855F02199B2BC2006E5A14 /* Sources */,
				89855F03199B2BC2006E5A14 /* Frameworks */,
				89855F04199B2BC2006E5A14 /* Resources */,
				7538259436D6A9795B230CA7 /* Copy Pods Resources */,
			);
			buildRules = (
			);
			dependencies = (
			);
			name = KTP;
			productName = KTP;
			productReference = 89855F06199B2BC2006E5A14 /* KTP.app */;
			productType = "com.apple.product-type.application";
		};
		89855F20199B2BC2006E5A14 /* KTPTests */ = {
			isa = PBXNativeTarget;
			buildConfigurationList = 89855F35199B2BC2006E5A14 /* Build configuration list for PBXNativeTarget "KTPTests" */;
			buildPhases = (
				89855F1D199B2BC2006E5A14 /* Sources */,
				89855F1E199B2BC2006E5A14 /* Frameworks */,
				89855F1F199B2BC2006E5A14 /* Resources */,
			);
			buildRules = (
			);
			dependencies = (
				89855F27199B2BC2006E5A14 /* PBXTargetDependency */,
			);
			name = KTPTests;
			productName = KTPTests;
			productReference = 89855F21199B2BC2006E5A14 /* KTPTests.xctest */;
			productType = "com.apple.product-type.bundle.unit-test";
		};
/* End PBXNativeTarget section */

/* Begin PBXProject section */
		89855EFE199B2BC2006E5A14 /* Project object */ = {
			isa = PBXProject;
			attributes = {
				CLASSPREFIX = KTP;
				LastUpgradeCheck = 0510;
				ORGANIZATIONNAME = "Kappa Theta Pi";
				TargetAttributes = {
					89855F20199B2BC2006E5A14 = {
						TestTargetID = 89855F05199B2BC2006E5A14;
					};
				};
			};
			buildConfigurationList = 89855F01199B2BC2006E5A14 /* Build configuration list for PBXProject "KTP" */;
			compatibilityVersion = "Xcode 3.2";
			developmentRegion = English;
			hasScannedForEncodings = 0;
			knownRegions = (
				en,
			);
			mainGroup = 89855EFD199B2BC2006E5A14;
			productRefGroup = 89855F07199B2BC2006E5A14 /* Products */;
			projectDirPath = "";
			projectRoot = "";
			targets = (
				89855F05199B2BC2006E5A14 /* KTP */,
				89855F20199B2BC2006E5A14 /* KTPTests */,
			);
		};
/* End PBXProject section */

/* Begin PBXResourcesBuildPhase section */
		89855F04199B2BC2006E5A14 /* Resources */ = {
			isa = PBXResourcesBuildPhase;
			buildActionMask = 2147483647;
			files = (
				89855F14199B2BC2006E5A14 /* InfoPlist.strings in Resources */,
				89855F1C199B2BC2006E5A14 /* Images.xcassets in Resources */,
			);
			runOnlyForDeploymentPostprocessing = 0;
		};
		89855F1F199B2BC2006E5A14 /* Resources */ = {
			isa = PBXResourcesBuildPhase;
			buildActionMask = 2147483647;
			files = (
				89855F2D199B2BC2006E5A14 /* InfoPlist.strings in Resources */,
			);
			runOnlyForDeploymentPostprocessing = 0;
		};
/* End PBXResourcesBuildPhase section */

/* Begin PBXShellScriptBuildPhase section */
		186201AF4401F72E436DDEB2 /* Check Pods Manifest.lock */ = {
			isa = PBXShellScriptBuildPhase;
			buildActionMask = 2147483647;
			files = (
			);
			inputPaths = (
			);
			name = "Check Pods Manifest.lock";
			outputPaths = (
			);
			runOnlyForDeploymentPostprocessing = 0;
			shellPath = /bin/sh;
			shellScript = "diff \"${PODS_ROOT}/../Podfile.lock\" \"${PODS_ROOT}/Manifest.lock\" > /dev/null\nif [[ $? != 0 ]] ; then\n    cat << EOM\nerror: The sandbox is not in sync with the Podfile.lock. Run 'pod install' or update your CocoaPods installation.\nEOM\n    exit 1\nfi\n";
			showEnvVarsInLog = 0;
		};
		7538259436D6A9795B230CA7 /* Copy Pods Resources */ = {
			isa = PBXShellScriptBuildPhase;
			buildActionMask = 2147483647;
			files = (
			);
			inputPaths = (
			);
			name = "Copy Pods Resources";
			outputPaths = (
			);
			runOnlyForDeploymentPostprocessing = 0;
			shellPath = /bin/sh;
			shellScript = "\"${SRCROOT}/Pods/Target Support Files/Pods-KTP/Pods-KTP-resources.sh\"\n";
			showEnvVarsInLog = 0;
		};
/* End PBXShellScriptBuildPhase section */

/* Begin PBXSourcesBuildPhase section */
		89855F02199B2BC2006E5A14 /* Sources */ = {
			isa = PBXSourcesBuildPhase;
			buildActionMask = 2147483647;
			files = (
				A83504B91A85BC4A00644B2A /* KTPSPledgeTasks.m in Sources */,
				BF2920911A93C6A300EFE46A /* KTPProfileFratInfoView.m in Sources */,
				BF2920941A93EA8100EFE46A /* KTPProfilePersonalInfoView.m in Sources */,
				A835049A1A7FFA7900644B2A /* KTPSettingsDataSource.m in Sources */,
				A883BE901A7AFE0D00139232 /* KTPPitchAddViewController.m in Sources */,
				A83504AC1A8577DF00644B2A /* KTPPledgeTasksViewController.m in Sources */,
				897E8F1019AE4D3D001C849F /* KTPLoginViewController.m in Sources */,
				89855F1A199B2BC2006E5A14 /* KTPAppDelegate.m in Sources */,
				A8D448E71AA52B090097BDEC /* MPPieLayer.m in Sources */,
				A8C6D05D1A745C7000B7CAC0 /* KTPMembersCell.m in Sources */,
				A8C1DAFE1A15ADA300298FF9 /* KTPMembersViewController.m in Sources */,
				A883BE871A7AC74F00139232 /* KTPPitch.m in Sources */,
				A83504A31A81529E00644B2A /* KTPPitchesResultViewController.m in Sources */,
				897E8F1619AE51FB001C849F /* KTPAnnouncementsViewController.m in Sources */,
				A835049D1A8005AB00644B2A /* KTPChangePasswordViewController.m in Sources */,
				84380F971A919E9200A6A110 /* KTPPledgeMeetingsCell.swift in Sources */,
				A8D4486A1AA276820097BDEC /* KTPPieChart.m in Sources */,
				BF29209D1A94262F00EFE46A /* KTPProfileButtonsView.m in Sources */,
				A8F483E91A7D6F3000B17E7F /* UILabel+KTPLabel.m in Sources */,
				BF29208E1A92F9BC00EFE46A /* KTPEditProfileTableItem.m in Sources */,
				A883BE7A1A79715A00139232 /* KTPPitchesViewController.m in Sources */,
				84B3FCE61A99047700D694E3 /* KTPEditPledgeTaskViewController.m in Sources */,
				BF6478881A91964E00717ABE /* KTPEditProfileCell.m in Sources */,
				A8C1DB011A15ADF700298FF9 /* KTPMember.m in Sources */,
				A883BE8A1A7AC85F00139232 /* KTPPitchVote.m in Sources */,
				A8B2D6591A78386600039724 /* UIImage+KTPImages.m in Sources */,
				89581F70199B2E230033B5A4 /* UIColor+KTPColors.m in Sources */,
				A83504A01A807A5500644B2A /* KTPEditProfileViewController.m in Sources */,
				A83504A61A81567E00644B2A /* KTPPitchesResultCell.m in Sources */,
				A8F483E21A7D366600B17E7F /* KTPTextView.m in Sources */,
				8B0E2D651A92E6CA000D5177 /* KTPPledgeTaskViewController.m in Sources */,
				897E8F1919AE544F001C849F /* KTPSUser.m in Sources */,
				A87303A11A72C2A80062B072 /* KTPConstants.m in Sources */,
				A809436D1A6EF98600B03647 /* KTPSlideMenuCell.m in Sources */,
				A883BE771A78E26300139232 /* NSString+KTPStrings.m in Sources */,
				A83504AF1A8577F200644B2A /* KTPPledgeMeetingsViewController.m in Sources */,
				A847A5231A9F029E0078C1DE /* KTPPledgeOverviewViewController.m in Sources */,
				89581FB2199C65B90033B5A4 /* KTPRequirementsDataSource.m in Sources */,
				897E8F0A19AE477C001C849F /* KTPTextField.m in Sources */,
				A883BE841A7AC2B300139232 /* KTPPitchesCell.m in Sources */,
				A83504C51A86A31900644B2A /* KTPPledgeTasksCell.swift in Sources */,
				A83504971A7EE25A00644B2A /* KTPSPitches.m in Sources */,
				A83504A91A81720E00644B2A /* KTPPitchesResultSortViewController.m in Sources */,
				89581F73199B33100033B5A4 /* KTPRequirementsViewController.m in Sources */,
				A83504B61A85BC3A00644B2A /* KTPPledgeTask.m in Sources */,
				A8D448E81AA52B090097BDEC /* MPPieElement.m in Sources */,
				A80943661A6EEF3600B03647 /* KTPSlideMenuViewController.m in Sources */,
				BF2920971A93F90700EFE46A /* KTPProfileNameView.m in Sources */,
				A8C6D0601A7745CC00B7CAC0 /* KTPPledgingViewController.m in Sources */,
				A8D448E91AA52B090097BDEC /* NSMutableArray+MPMutableArray.m in Sources */,
				A847A5201A9EBC990078C1DE /* KTPTextInputTableViewCell.m in Sources */,
				A8B2D6531A77F62100039724 /* KTPNetworking.m in Sources */,
				A83504BC1A85BC6400644B2A /* KTPPledgeMeeting.m in Sources */,
				89581F6F199B2E230033B5A4 /* KTPBlockView.m in Sources */,
				A87303A41A73AD200062B072 /* KTPProfileViewController.m in Sources */,
				842DF0861A932BB400846CCE /* KTPOptionSelectViewController.m in Sources */,
				A883BE8D1A7ACEC800139232 /* KTPPitchVoteViewController.m in Sources */,
				A80943631A6EEE3600B03647 /* KTPRootViewController.m in Sources */,
				A873039D1A7199560062B072 /* KTPSMembers.m in Sources */,
				A8B2D64F1A7799E100039724 /* KTPSettingsViewController.m in Sources */,
				BF29209A1A940C0600EFE46A /* KTPProfileBioView.m in Sources */,
				89855F16199B2BC2006E5A14 /* main.m in Sources */,
			);
			runOnlyForDeploymentPostprocessing = 0;
		};
		89855F1D199B2BC2006E5A14 /* Sources */ = {
			isa = PBXSourcesBuildPhase;
			buildActionMask = 2147483647;
			files = (
				89855F2F199B2BC2006E5A14 /* KTPTests.m in Sources */,
			);
			runOnlyForDeploymentPostprocessing = 0;
		};
/* End PBXSourcesBuildPhase section */

/* Begin PBXTargetDependency section */
		89855F27199B2BC2006E5A14 /* PBXTargetDependency */ = {
			isa = PBXTargetDependency;
			target = 89855F05199B2BC2006E5A14 /* KTP */;
			targetProxy = 89855F26199B2BC2006E5A14 /* PBXContainerItemProxy */;
		};
/* End PBXTargetDependency section */

/* Begin PBXVariantGroup section */
		89855F12199B2BC2006E5A14 /* InfoPlist.strings */ = {
			isa = PBXVariantGroup;
			children = (
				89855F13199B2BC2006E5A14 /* en */,
			);
			name = InfoPlist.strings;
			sourceTree = "<group>";
		};
		89855F2B199B2BC2006E5A14 /* InfoPlist.strings */ = {
			isa = PBXVariantGroup;
			children = (
				89855F2C199B2BC2006E5A14 /* en */,
			);
			name = InfoPlist.strings;
			sourceTree = "<group>";
		};
/* End PBXVariantGroup section */

/* Begin XCBuildConfiguration section */
		89855F30199B2BC2006E5A14 /* Debug */ = {
			isa = XCBuildConfiguration;
			buildSettings = {
				ALWAYS_SEARCH_USER_PATHS = NO;
				CLANG_CXX_LANGUAGE_STANDARD = "gnu++0x";
				CLANG_CXX_LIBRARY = "libc++";
				CLANG_ENABLE_MODULES = YES;
				CLANG_ENABLE_OBJC_ARC = YES;
				CLANG_WARN_BOOL_CONVERSION = YES;
				CLANG_WARN_CONSTANT_CONVERSION = YES;
				CLANG_WARN_DIRECT_OBJC_ISA_USAGE = YES_ERROR;
				CLANG_WARN_EMPTY_BODY = YES;
				CLANG_WARN_ENUM_CONVERSION = YES;
				CLANG_WARN_INT_CONVERSION = YES;
				CLANG_WARN_OBJC_ROOT_CLASS = YES_ERROR;
				CLANG_WARN__DUPLICATE_METHOD_MATCH = YES;
				"CODE_SIGN_IDENTITY[sdk=iphoneos*]" = "iPhone Developer";
				COPY_PHASE_STRIP = NO;
				GCC_C_LANGUAGE_STANDARD = gnu99;
				GCC_DYNAMIC_NO_PIC = NO;
				GCC_OPTIMIZATION_LEVEL = 0;
				GCC_PREPROCESSOR_DEFINITIONS = (
					"DEBUG=1",
					"$(inherited)",
				);
				GCC_SYMBOLS_PRIVATE_EXTERN = NO;
				GCC_WARN_64_TO_32_BIT_CONVERSION = YES;
				GCC_WARN_ABOUT_RETURN_TYPE = YES_ERROR;
				GCC_WARN_UNDECLARED_SELECTOR = YES;
				GCC_WARN_UNINITIALIZED_AUTOS = YES_AGGRESSIVE;
				GCC_WARN_UNUSED_FUNCTION = YES;
				GCC_WARN_UNUSED_VARIABLE = YES;
				IPHONEOS_DEPLOYMENT_TARGET = 7.1;
				ONLY_ACTIVE_ARCH = YES;
				SDKROOT = iphoneos;
				TARGETED_DEVICE_FAMILY = "1,2";
			};
			name = Debug;
		};
		89855F31199B2BC2006E5A14 /* Release */ = {
			isa = XCBuildConfiguration;
			buildSettings = {
				ALWAYS_SEARCH_USER_PATHS = NO;
				CLANG_CXX_LANGUAGE_STANDARD = "gnu++0x";
				CLANG_CXX_LIBRARY = "libc++";
				CLANG_ENABLE_MODULES = YES;
				CLANG_ENABLE_OBJC_ARC = YES;
				CLANG_WARN_BOOL_CONVERSION = YES;
				CLANG_WARN_CONSTANT_CONVERSION = YES;
				CLANG_WARN_DIRECT_OBJC_ISA_USAGE = YES_ERROR;
				CLANG_WARN_EMPTY_BODY = YES;
				CLANG_WARN_ENUM_CONVERSION = YES;
				CLANG_WARN_INT_CONVERSION = YES;
				CLANG_WARN_OBJC_ROOT_CLASS = YES_ERROR;
				CLANG_WARN__DUPLICATE_METHOD_MATCH = YES;
				"CODE_SIGN_IDENTITY[sdk=iphoneos*]" = "iPhone Developer";
				COPY_PHASE_STRIP = YES;
				ENABLE_NS_ASSERTIONS = NO;
				GCC_C_LANGUAGE_STANDARD = gnu99;
				GCC_WARN_64_TO_32_BIT_CONVERSION = YES;
				GCC_WARN_ABOUT_RETURN_TYPE = YES_ERROR;
				GCC_WARN_UNDECLARED_SELECTOR = YES;
				GCC_WARN_UNINITIALIZED_AUTOS = YES_AGGRESSIVE;
				GCC_WARN_UNUSED_FUNCTION = YES;
				GCC_WARN_UNUSED_VARIABLE = YES;
				IPHONEOS_DEPLOYMENT_TARGET = 7.1;
				SDKROOT = iphoneos;
				TARGETED_DEVICE_FAMILY = "1,2";
				VALIDATE_PRODUCT = YES;
			};
			name = Release;
		};
		89855F33199B2BC2006E5A14 /* Debug */ = {
			isa = XCBuildConfiguration;
			baseConfigurationReference = B0337AD64C6FF27F839A0238 /* Pods-KTP.debug.xcconfig */;
			buildSettings = {
				ASSETCATALOG_COMPILER_APPICON_NAME = AppIcon;
				ASSETCATALOG_COMPILER_LAUNCHIMAGE_NAME = LaunchImage;
				CLANG_ENABLE_MODULES = YES;
				CODE_SIGN_IDENTITY = "iPhone Developer";
				"CODE_SIGN_IDENTITY[sdk=iphoneos*]" = "iPhone Developer";
				FRAMEWORK_SEARCH_PATHS = "$(inherited)";
				GCC_PRECOMPILE_PREFIX_HEADER = YES;
				GCC_PREFIX_HEADER = "KTP/KTP-Prefix.pch";
				INFOPLIST_FILE = "KTP/KTP-Info.plist";
				LD_RUNPATH_SEARCH_PATHS = "$(inherited) @executable_path/Frameworks";
				OTHER_LDFLAGS = (
					"-ObjC",
					"-l\"Pods-KTP-ActionSheetPicker-3.0\"",
					"-framework",
					"\"UIKit\"",
				);
				PRODUCT_NAME = "$(TARGET_NAME)";
				PROVISIONING_PROFILE = "";
				SWIFT_OBJC_BRIDGING_HEADER = "KTP/KTP-Bridging-Header.h";
				SWIFT_OPTIMIZATION_LEVEL = "-Onone";
				WRAPPER_EXTENSION = app;
			};
			name = Debug;
		};
		89855F34199B2BC2006E5A14 /* Release */ = {
			isa = XCBuildConfiguration;
			baseConfigurationReference = 75A2B277C32F40D9CDD7CC7A /* Pods-KTP.release.xcconfig */;
			buildSettings = {
				ASSETCATALOG_COMPILER_APPICON_NAME = AppIcon;
				ASSETCATALOG_COMPILER_LAUNCHIMAGE_NAME = LaunchImage;
				CLANG_ENABLE_MODULES = YES;
				CODE_SIGN_IDENTITY = "iPhone Developer";
				"CODE_SIGN_IDENTITY[sdk=iphoneos*]" = "iPhone Developer";
				FRAMEWORK_SEARCH_PATHS = "$(inherited)";
				GCC_PRECOMPILE_PREFIX_HEADER = YES;
				GCC_PREFIX_HEADER = "KTP/KTP-Prefix.pch";
				INFOPLIST_FILE = "KTP/KTP-Info.plist";
				LD_RUNPATH_SEARCH_PATHS = "$(inherited) @executable_path/Frameworks";
				OTHER_LDFLAGS = (
					"-ObjC",
					"-l\"Pods-KTP-ActionSheetPicker-3.0\"",
					"-framework",
					"\"UIKit\"",
				);
				PRODUCT_NAME = "$(TARGET_NAME)";
				PROVISIONING_PROFILE = "";
				SWIFT_OBJC_BRIDGING_HEADER = "KTP/KTP-Bridging-Header.h";
				WRAPPER_EXTENSION = app;
			};
			name = Release;
		};
		89855F36199B2BC2006E5A14 /* Debug */ = {
			isa = XCBuildConfiguration;
			buildSettings = {
				BUNDLE_LOADER = "$(BUILT_PRODUCTS_DIR)/KTP.app/KTP";
				FRAMEWORK_SEARCH_PATHS = (
					"$(SDKROOT)/Developer/Library/Frameworks",
					"$(inherited)",
					"$(DEVELOPER_FRAMEWORKS_DIR)",
				);
				GCC_PRECOMPILE_PREFIX_HEADER = YES;
				GCC_PREFIX_HEADER = "KTP/KTP-Prefix.pch";
				GCC_PREPROCESSOR_DEFINITIONS = (
					"DEBUG=1",
					"$(inherited)",
				);
				INFOPLIST_FILE = "KTPTests/KTPTests-Info.plist";
				PRODUCT_NAME = "$(TARGET_NAME)";
				TEST_HOST = "$(BUNDLE_LOADER)";
				WRAPPER_EXTENSION = xctest;
			};
			name = Debug;
		};
		89855F37199B2BC2006E5A14 /* Release */ = {
			isa = XCBuildConfiguration;
			buildSettings = {
				BUNDLE_LOADER = "$(BUILT_PRODUCTS_DIR)/KTP.app/KTP";
				FRAMEWORK_SEARCH_PATHS = (
					"$(SDKROOT)/Developer/Library/Frameworks",
					"$(inherited)",
					"$(DEVELOPER_FRAMEWORKS_DIR)",
				);
				GCC_PRECOMPILE_PREFIX_HEADER = YES;
				GCC_PREFIX_HEADER = "KTP/KTP-Prefix.pch";
				INFOPLIST_FILE = "KTPTests/KTPTests-Info.plist";
				PRODUCT_NAME = "$(TARGET_NAME)";
				TEST_HOST = "$(BUNDLE_LOADER)";
				WRAPPER_EXTENSION = xctest;
			};
			name = Release;
		};
/* End XCBuildConfiguration section */

/* Begin XCConfigurationList section */
		89855F01199B2BC2006E5A14 /* Build configuration list for PBXProject "KTP" */ = {
			isa = XCConfigurationList;
			buildConfigurations = (
				89855F30199B2BC2006E5A14 /* Debug */,
				89855F31199B2BC2006E5A14 /* Release */,
			);
			defaultConfigurationIsVisible = 0;
			defaultConfigurationName = Release;
		};
		89855F32199B2BC2006E5A14 /* Build configuration list for PBXNativeTarget "KTP" */ = {
			isa = XCConfigurationList;
			buildConfigurations = (
				89855F33199B2BC2006E5A14 /* Debug */,
				89855F34199B2BC2006E5A14 /* Release */,
			);
			defaultConfigurationIsVisible = 0;
			defaultConfigurationName = Release;
		};
		89855F35199B2BC2006E5A14 /* Build configuration list for PBXNativeTarget "KTPTests" */ = {
			isa = XCConfigurationList;
			buildConfigurations = (
				89855F36199B2BC2006E5A14 /* Debug */,
				89855F37199B2BC2006E5A14 /* Release */,
			);
			defaultConfigurationIsVisible = 0;
			defaultConfigurationName = Release;
		};
/* End XCConfigurationList section */
	};
	rootObject = 89855EFE199B2BC2006E5A14 /* Project object */;
}
